// !$*UTF8*$!
{
	archiveVersion = 1;
	classes = {
	};
	objectVersion = 56;
	objects = {

/* Begin PBXBuildFile section */
		E10035 /* StatusToneTests.swift in Sources */ = {isa = PBXBuildFile; fileRef = E20035; };
		E10034 /* StatusPlacementIdentifierTests.swift in Sources */ = {isa = PBXBuildFile; fileRef = E20034; };
		E10033 /* ToastRegion.swift in Sources */ = {isa = PBXBuildFile; fileRef = E20033; };
		E10032 /* PerformanceToast.swift in Sources */ = {isa = PBXBuildFile; fileRef = E20032; };
		E10031 /* InlineNotice.swift in Sources */ = {isa = PBXBuildFile; fileRef = E20031; };
		E10030 /* NoticeBanner.swift in Sources */ = {isa = PBXBuildFile; fileRef = E20030; };
		DA41012 /* ArrivalTransitionView.swift in Sources */ = {isa = PBXBuildFile; fileRef = DA42012; };
		DA41011 /* ArrivalPushScene.swift in Sources */ = {isa = PBXBuildFile; fileRef = DA42011; };
		DA41010 /* ApertureColor.swift in Sources */ = {isa = PBXBuildFile; fileRef = DA42010; };
		DA41016 /* LocalFileCountdownView.swift in Sources */ = {isa = PBXBuildFile; fileRef = DA42016; };
		DA41015 /* OpenAperture.swift in Sources */ = {isa = PBXBuildFile; fileRef = DA42015; };
		DA41008 /* ApertureScene.swift in Sources */ = {isa = PBXBuildFile; fileRef = DA42008; };
		DA41006 /* PreparationAperture.swift in Sources */ = {isa = PBXBuildFile; fileRef = DA42006; };
		DA41005 /* PreparationStatusIndicator.swift in Sources */ = {isa = PBXBuildFile; fileRef = DA42005; };
		DA41004 /* PreparationTrackRow.swift in Sources */ = {isa = PBXBuildFile; fileRef = DA42004; };
		E10029 /* RecoveryScreen.swift in Sources */ = {isa = PBXBuildFile; fileRef = E20029; };
		E10028 /* StatusTone.swift in Sources */ = {isa = PBXBuildFile; fileRef = E20028; };
		E10027 /* ReviewCaptureHarness.swift in Sources */ = {isa = PBXBuildFile; fileRef = E20027; };
		DA41014 /* ArrivalPushSceneTests.swift in Sources */ = {isa = PBXBuildFile; fileRef = DA42014; };
		DA41017 /* ReviewCaptureHarness+Ready.swift in Sources */ = {isa = PBXBuildFile; fileRef = DA42017; };
		DA41018 /* ReviewCaptureHarness+Chrome.swift in Sources */ = {isa = PBXBuildFile; fileRef = DA42018; };
		DA41019 /* PlaybackChromeReducedMotionTests.swift in Sources */ = {isa = PBXBuildFile; fileRef = DA42019; };
		DA41020 /* PerformanceToastLayoutTests.swift in Sources */ = {isa = PBXBuildFile; fileRef = DA42020; };
		DA41007 /* PreparationApertureTests.swift in Sources */ = {isa = PBXBuildFile; fileRef = DA42007; };
		DA41003 /* ReviewCaptureScenarios.swift in Sources */ = {isa = PBXBuildFile; fileRef = DA42003; };
		DA41002 /* ReviewCaptureHarness+Preparation.swift in Sources */ = {isa = PBXBuildFile; fileRef = DA42002; };
		DA41001 /* PreparationProfilePublishingTests.swift in Sources */ = {isa = PBXBuildFile; fileRef = DA42001; };
		A10001 /* UzumeApp.swift in Sources */ = {isa = PBXBuildFile; fileRef = A20001; };
		A10002 /* ContentView.swift in Sources */ = {isa = PBXBuildFile; fileRef = A20002; };
		B10001 /* SessionStateViewTests.swift in Sources */ = {isa = PBXBuildFile; fileRef = B20001; };
		B10002 /* Uzume.app in Frameworks */ = {isa = PBXBuildFile; fileRef = A20004; settings = {ATTRIBUTES = (CodeSignOnCopy, RemoveHeadersOnCopy, ); }; };
		A10020 /* MetalView.swift in Sources */ = {isa = PBXBuildFile; fileRef = A20020; };
		A10021 /* DebugOverlayView.swift in Sources */ = {isa = PBXBuildFile; fileRef = A20021; };
		A10022 /* ITunesSearchFetcher.swift in Sources */ = {isa = PBXBuildFile; fileRef = A20022; };
		A10040 /* VisualizerEngine+Orchestrator.swift in Sources */ = {isa = PBXBuildFile; fileRef = A20040; };
		N10006 /* VisualizerEngine+WiringLogs.swift in Sources */ = {isa = PBXBuildFile; fileRef = N20006; };
		N10007 /* VisualizerEngine+TrackIdentityResolution.swift in Sources */ = {isa = PBXBuildFile; fileRef = N20007; };
		C10001 /* SessionStateViewModel.swift in Sources */ = {isa = PBXBuildFile; fileRef = C20001; };
		C10002 /* IdleView.swift in Sources */ = {isa = PBXBuildFile; fileRef = C20002; };
		C10003 /* ConnectingView.swift in Sources */ = {isa = PBXBuildFile; fileRef = C20003; };
		C10004 /* PreparationProgressView.swift in Sources */ = {isa = PBXBuildFile; fileRef = C20004; };
		C10005 /* ReadyView.swift in Sources */ = {isa = PBXBuildFile; fileRef = C20005; };
		C10006 /* PlaybackView.swift in Sources */ = {isa = PBXBuildFile; fileRef = C20006; };
		DA41013 /* PlaybackView+Arrival.swift in Sources */ = {isa = PBXBuildFile; fileRef = DA42013; };
		C10007 /* EndedView.swift in Sources */ = {isa = PBXBuildFile; fileRef = C20007; };
		D10001 /* ScreenCapturePermissionProvider.swift in Sources */ = {isa = PBXBuildFile; fileRef = D20001; };
		D10002 /* PermissionMonitor.swift in Sources */ = {isa = PBXBuildFile; fileRef = D20002; };
		D10003 /* PhotosensitivityAcknowledgementStore.swift in Sources */ = {isa = PBXBuildFile; fileRef = D20003; };
		D10004 /* PermissionOnboardingView.swift in Sources */ = {isa = PBXBuildFile; fileRef = D20004; };
		D10005 /* PhotosensitivityNoticeView.swift in Sources */ = {isa = PBXBuildFile; fileRef = D20005; };
		D10008 /* PermissionMonitorTests.swift in Sources */ = {isa = PBXBuildFile; fileRef = D20008; };
		D10009 /* PhotosensitivityAcknowledgementStoreTests.swift in Sources */ = {isa = PBXBuildFile; fileRef = D20009; };
		D10010 /* PermissionOnboardingViewTests.swift in Sources */ = {isa = PBXBuildFile; fileRef = D20010; };
		A10031 /* VisualizerEngine.swift in Sources */ = {isa = PBXBuildFile; fileRef = A20031; };
		K10090 /* NowPlayingSurface.swift in Sources */ = {isa = PBXBuildFile; fileRef = K20090; };
		K10091 /* NowPlayingSurfaceTests.swift in Sources */ = {isa = PBXBuildFile; fileRef = K20091; };
		K10092 /* CaptureStateSurface.swift in Sources */ = {isa = PBXBuildFile; fileRef = K20092; };
		K10093 /* CaptureStateSurfaceTests.swift in Sources */ = {isa = PBXBuildFile; fileRef = K20093; };
		A10032 /* VisualizerEngine+Audio.swift in Sources */ = {isa = PBXBuildFile; fileRef = A20032; };
		A10033 /* VisualizerEngine+Stems.swift in Sources */ = {isa = PBXBuildFile; fileRef = A20033; };
		A10034 /* VisualizerEngine+Presets.swift in Sources */ = {isa = PBXBuildFile; fileRef = A20034; };
		A10035 /* VisualizerEngine+Capture.swift in Sources */ = {isa = PBXBuildFile; fileRef = A20035; };
		A10036 /* VisualizerEngine+InitHelpers.swift in Sources */ = {isa = PBXBuildFile; fileRef = A20036; };
		A10037 /* VisualizerEngine+PublicAPI.swift in Sources */ = {isa = PBXBuildFile; fileRef = A20037; };
		Q10001 /* VisualizerEngine+LocalFilePlayback.swift in Sources */ = {isa = PBXBuildFile; fileRef = Q20001; };
		Q10002 /* LocalFileMenuCommands.swift in Sources */ = {isa = PBXBuildFile; fileRef = Q20002; };
		Q10003 /* LocalFileRecentsStore.swift in Sources */ = {isa = PBXBuildFile; fileRef = Q20003; };
		Q10005 /* LocalFileTransportBar.swift in Sources */ = {isa = PBXBuildFile; fileRef = Q20005; };
		Q10006 /* LocalSourceConnectionView.swift in Sources */ = {isa = PBXBuildFile; fileRef = Q20006; };
		Q10007 /* LocalFileErrorStore.swift in Sources */ = {isa = PBXBuildFile; fileRef = Q20007; };
		Q10008 /* LocalFilesSettingsSection.swift in Sources */ = {isa = PBXBuildFile; fileRef = Q20008; };
		Q10004 /* LocalFileMenuCommands+Drop.swift in Sources */ = {isa = PBXBuildFile; fileRef = Q20004; };
		Q10009 /* AlbumArtworkCache.swift in Sources */ = {isa = PBXBuildFile; fileRef = Q20009; };
		Q10010 /* StreamingArtworkDiskCache.swift in Sources */ = {isa = PBXBuildFile; fileRef = Q20010; };
		Q10011 /* StreamingArtworkFetcher.swift in Sources */ = {isa = PBXBuildFile; fileRef = Q20011; };
		Q10012 /* VisualizerEngine+StreamingArtwork.swift in Sources */ = {isa = PBXBuildFile; fileRef = Q20012; };
		O10001 /* DashboardOverlayView.swift in Sources */ = {isa = PBXBuildFile; fileRef = O20001; };
		O10002 /* DashboardCardView.swift in Sources */ = {isa = PBXBuildFile; fileRef = O20002; };
		O10003 /* DashboardRowView.swift in Sources */ = {isa = PBXBuildFile; fileRef = O20003; };
		O10004 /* DashboardOverlayViewModel.swift in Sources */ = {isa = PBXBuildFile; fileRef = O20004; };
		O10005 /* VisualizerEngine+Dashboard.swift in Sources */ = {isa = PBXBuildFile; fileRef = O20005; };
		O10006 /* DashboardOverlayViewModelTests.swift in Sources */ = {isa = PBXBuildFile; fileRef = O20006; };
		O10007 /* DarkVibrancyView.swift in Sources */ = {isa = PBXBuildFile; fileRef = O20007; };
		P10001 /* SettingsStoreEnvironmentRegressionTests.swift in Sources */ = {isa = PBXBuildFile; fileRef = P20001; };
		P10002 /* EndedViewTests.swift in Sources */ = {isa = PBXBuildFile; fileRef = P20002; };
		P10003 /* ConnectingViewCancelTests.swift in Sources */ = {isa = PBXBuildFile; fileRef = P20003; };
		P10004 /* PlaybackChromeIndexBindingTests.swift in Sources */ = {isa = PBXBuildFile; fileRef = P20004; };
		P10005 /* OrchestratorWiringRegressionTests.swift in Sources */ = {isa = PBXBuildFile; fileRef = P20005; };
		P10006 /* HandleLocalFileReadyIdempotencyRegressionTests.swift in Sources */ = {isa = PBXBuildFile; fileRef = P20006; };
		P10007 /* AlbumArtworkCacheTests.swift in Sources */ = {isa = PBXBuildFile; fileRef = P20007; };
		P10008 /* PlaybackChromeArtworkBindingTests.swift in Sources */ = {isa = PBXBuildFile; fileRef = P20008; };
		P10009 /* StreamingArtworkDiskCacheTests.swift in Sources */ = {isa = PBXBuildFile; fileRef = P20009; };
		P10010 /* StreamingArtworkFetcherTests.swift in Sources */ = {isa = PBXBuildFile; fileRef = P20010; };
		P10011 /* StreamingArtworkPublishingTests.swift in Sources */ = {isa = PBXBuildFile; fileRef = P20011; };
		P10012 /* TrackChangePresetResetRegressionTests.swift in Sources */ = {isa = PBXBuildFile; fileRef = P20012; };
		P10013 /* StemSeriesWiringTests.swift in Sources */ = {isa = PBXBuildFile; fileRef = P20013; };
		RC125100 /* MVWarpFeedbackFormatRegressionTests.swift in Sources */ = {isa = PBXBuildFile; fileRef = RC125200; };
		A10003 /* UzumeEngine in Frameworks */ = {isa = PBXBuildFile; productRef = A80001; };
		A10010 /* Metal.framework in Frameworks */ = {isa = PBXBuildFile; fileRef = A20010; };
		A10011 /* MetalKit.framework in Frameworks */ = {isa = PBXBuildFile; fileRef = A20011; };
		A10012 /* CoreML.framework in Frameworks */ = {isa = PBXBuildFile; fileRef = A20012; };
		A10013 /* AVFoundation.framework in Frameworks */ = {isa = PBXBuildFile; fileRef = A20013; };
		A10014 /* Accelerate.framework in Frameworks */ = {isa = PBXBuildFile; fileRef = A20014; };
		A10015 /* ScreenCaptureKit.framework in Frameworks */ = {isa = PBXBuildFile; fileRef = A20015; };
		A10016 /* MusicKit.framework in Frameworks */ = {isa = PBXBuildFile; fileRef = A20016; };
		E10001 /* SpotifyURLKind.swift in Sources */ = {isa = PBXBuildFile; fileRef = E20001; };
		E10002 /* SpotifyURLParser.swift in Sources */ = {isa = PBXBuildFile; fileRef = E20002; };
		E10003 /* DelayProviding.swift in Sources */ = {isa = PBXBuildFile; fileRef = E20003; };
		E10004 /* ConnectorType.swift in Sources */ = {isa = PBXBuildFile; fileRef = E20004; };
		E10024 /* SourceChoice.swift in Sources */ = {isa = PBXBuildFile; fileRef = E20024; };
		E10006 /* ConnectorPickerView.swift in Sources */ = {isa = PBXBuildFile; fileRef = E20006; };
		E10007 /* AppleMusicConnectionView.swift in Sources */ = {isa = PBXBuildFile; fileRef = E20007; };
		E10008 /* SpotifyConnectionView.swift in Sources */ = {isa = PBXBuildFile; fileRef = E20008; };
		E10011 /* ConnectorPickerViewModel.swift in Sources */ = {isa = PBXBuildFile; fileRef = E20011; };
		E10012 /* AppleMusicConnectionViewModel.swift in Sources */ = {isa = PBXBuildFile; fileRef = E20012; };
		E10013 /* SpotifyConnectionViewModel.swift in Sources */ = {isa = PBXBuildFile; fileRef = E20013; };
		E10020 /* ConnectorPickerViewModelTests.swift in Sources */ = {isa = PBXBuildFile; fileRef = E20020; };
		E10021 /* AppleMusicConnectionViewModelTests.swift in Sources */ = {isa = PBXBuildFile; fileRef = E20021; };
		E10022 /* SpotifyURLParserTests.swift in Sources */ = {isa = PBXBuildFile; fileRef = E20022; };
		E10023 /* SpotifyConnectionViewModelTests.swift in Sources */ = {isa = PBXBuildFile; fileRef = E20023; };
		F10003 /* PreparationProgressViewModel.swift in Sources */ = {isa = PBXBuildFile; fileRef = F20003; };
		F10004 /* PreparationETAEstimator.swift in Sources */ = {isa = PBXBuildFile; fileRef = F20004; };
		F10005 /* PreparationProgressViewModelTests.swift in Sources */ = {isa = PBXBuildFile; fileRef = F20005; };
		F10006 /* PreparationETAEstimatorTests.swift in Sources */ = {isa = PBXBuildFile; fileRef = F20006; };
		F10007 /* PreparationCancelIntegrationTests.swift in Sources */ = {isa = PBXBuildFile; fileRef = F20007; };
		G10001 /* ReadyViewModel.swift in Sources */ = {isa = PBXBuildFile; fileRef = G20001; };
		G10003 /* FirstAudioDetector.swift in Sources */ = {isa = PBXBuildFile; fileRef = G20003; };
		G10020 /* FirstAudioDetectorTests.swift in Sources */ = {isa = PBXBuildFile; fileRef = G20020; };
		G10025 /* StemSeparationCadenceRegressionTests.swift in Sources */ = {isa = PBXBuildFile; fileRef = G20025; };
		G10026 /* AnalysisTimeBaseRegressionTests.swift in Sources */ = {isa = PBXBuildFile; fileRef = G20026; };
		G10021 /* ReadyViewModelTests.swift in Sources */ = {isa = PBXBuildFile; fileRef = G20021; };
		G10024 /* ReadyViewTimeoutIntegrationTests.swift in Sources */ = {isa = PBXBuildFile; fileRef = G20024; };
		H10001 /* UzumeToast.swift in Sources */ = {isa = PBXBuildFile; fileRef = H20001; };
		H10002 /* PlaybackChromeViewModel.swift in Sources */ = {isa = PBXBuildFile; fileRef = H20002; };
		H10003 /* ToastManager.swift in Sources */ = {isa = PBXBuildFile; fileRef = H20003; };
		H10004 /* EndSessionConfirmViewModel.swift in Sources */ = {isa = PBXBuildFile; fileRef = H20004; };
		H10005 /* DefaultPlaybackActionRouter.swift in Sources */ = {isa = PBXBuildFile; fileRef = H20005; };
		H10006 /* PlaybackShortcutRegistry.swift in Sources */ = {isa = PBXBuildFile; fileRef = H20006; };
		H10007 /* PlaybackKeyMonitor.swift in Sources */ = {isa = PBXBuildFile; fileRef = H20007; };
		H10008 /* FullscreenObserver.swift in Sources */ = {isa = PBXBuildFile; fileRef = H20008; };
		H10009 /* DisplayManager.swift in Sources */ = {isa = PBXBuildFile; fileRef = H20009; };
		H10010 /* LiveAdaptationToastBridge.swift in Sources */ = {isa = PBXBuildFile; fileRef = H20010; };
		H10011 /* MultiDisplayToastBridge.swift in Sources */ = {isa = PBXBuildFile; fileRef = H20011; };
		H10012 /* PerformanceBackdrop.swift in Sources */ = {isa = PBXBuildFile; fileRef = H20012; };
		DS10001 /* UzumeTokens.swift in Sources */ = {isa = PBXBuildFile; fileRef = DS20001; };
		DS10002 /* UzumeTokens+App.swift in Sources */ = {isa = PBXBuildFile; fileRef = DS20002; };
		H10013 /* TrackInfoCardView.swift in Sources */ = {isa = PBXBuildFile; fileRef = H20013; };
		H10014 /* SessionProgressDotsView.swift in Sources */ = {isa = PBXBuildFile; fileRef = H20014; };
		H10015 /* PlaybackControlsCluster.swift in Sources */ = {isa = PBXBuildFile; fileRef = H20015; };
		H10016 /* ListeningBadgeView.swift in Sources */ = {isa = PBXBuildFile; fileRef = H20016; };
		H10041 /* AudioStallOverlayView.swift in Sources */ = {isa = PBXBuildFile; fileRef = H20041; };
		H10017 /* PlaybackChromeView.swift in Sources */ = {isa = PBXBuildFile; fileRef = H20017; };
		H10018 /* ShortcutHelpOverlayView.swift in Sources */ = {isa = PBXBuildFile; fileRef = H20018; };
		H10021 /* TrackChangeAnimationView.swift in Sources */ = {isa = PBXBuildFile; fileRef = H20021; };
		H10030 /* PlaybackChromeViewModelTests.swift in Sources */ = {isa = PBXBuildFile; fileRef = H20030; };
		H10031 /* PlaybackShortcutRegistryTests.swift in Sources */ = {isa = PBXBuildFile; fileRef = H20031; };
		H10032 /* DefaultPlaybackActionRouterTests.swift in Sources */ = {isa = PBXBuildFile; fileRef = H20032; };
		H10033 /* EndSessionConfirmViewModelTests.swift in Sources */ = {isa = PBXBuildFile; fileRef = H20033; };
		H10034 /* ToastManagerTests.swift in Sources */ = {isa = PBXBuildFile; fileRef = H20034; };
		H10035 /* LiveAdaptationToastBridgeTests.swift in Sources */ = {isa = PBXBuildFile; fileRef = H20035; };
		H10036 /* FullscreenObserverTests.swift in Sources */ = {isa = PBXBuildFile; fileRef = H20036; };
		H10037 /* DisplayManagerTests.swift in Sources */ = {isa = PBXBuildFile; fileRef = H20037; };
		H10038 /* MultiDisplayToastBridgeTests.swift in Sources */ = {isa = PBXBuildFile; fileRef = H20038; };
		H10039 /* EscBehaviorTests.swift in Sources */ = {isa = PBXBuildFile; fileRef = H20039; };
		H10040 /* PlaybackViewIdentifierTests.swift in Sources */ = {isa = PBXBuildFile; fileRef = H20040; };
		I10001 /* LocalizedCopy.swift in Sources */ = {isa = PBXBuildFile; fileRef = I20001; };
		I10002 /* ReachabilityMonitor.swift in Sources */ = {isa = PBXBuildFile; fileRef = I20002; };
		I10003 /* PreparationErrorViewModel.swift in Sources */ = {isa = PBXBuildFile; fileRef = I20003; };
		I10007 /* Localizable.strings in Resources */ = {isa = PBXBuildFile; fileRef = I20007; };
		I10008 /* LocalizedCopyTests.swift in Sources */ = {isa = PBXBuildFile; fileRef = I20008; };
		I10009 /* PreparationErrorViewModelTests.swift in Sources */ = {isa = PBXBuildFile; fileRef = I20009; };
		I10010 /* ReachabilityMonitorTests.swift in Sources */ = {isa = PBXBuildFile; fileRef = I20010; };
		J10001 /* PlaybackErrorConditionTracker.swift in Sources */ = {isa = PBXBuildFile; fileRef = J20001; };
		J10002 /* PlaybackErrorBridge.swift in Sources */ = {isa = PBXBuildFile; fileRef = J20002; };
		J10003 /* PlaybackErrorConditionTrackerTests.swift in Sources */ = {isa = PBXBuildFile; fileRef = J20003; };
		J10004 /* PlaybackErrorBridgeTests.swift in Sources */ = {isa = PBXBuildFile; fileRef = J20004; };
		J100A2 /* PlaybackHealthToastTests.swift in Sources */ = {isa = PBXBuildFile; fileRef = J200A2; };
		J10005 /* ToastManagerConditionTests.swift in Sources */ = {isa = PBXBuildFile; fileRef = J20005; };
		K10001 /* SettingsTypes.swift in Sources */ = {isa = PBXBuildFile; fileRef = K20001; };
		K10002 /* SettingsStore.swift in Sources */ = {isa = PBXBuildFile; fileRef = K20002; };
		K10003 /* SettingsMigrator.swift in Sources */ = {isa = PBXBuildFile; fileRef = K20003; };
		K10900 /* IdentityMigrator.swift in Sources */ = {isa = PBXBuildFile; fileRef = K20900; };
		K10902 /* Assets.xcassets in Resources */ = {isa = PBXBuildFile; fileRef = K20902; };
		K10004 /* SettingsViewModel.swift in Sources */ = {isa = PBXBuildFile; fileRef = K20004; };
		K10010 /* SettingsView.swift in Sources */ = {isa = PBXBuildFile; fileRef = K20010; };
		K10012 /* VisualsSettingsSection.swift in Sources */ = {isa = PBXBuildFile; fileRef = K20012; };
		K10013 /* DiagnosticsSettingsSection.swift in Sources */ = {isa = PBXBuildFile; fileRef = K20013; };
		K10014 /* AboutSettingsSection.swift in Sources */ = {isa = PBXBuildFile; fileRef = K20014; };
		K10016 /* PresetCategoryBlocklistPicker.swift in Sources */ = {isa = PBXBuildFile; fileRef = K20016; };
		K10020 /* PresetScoringContextProvider.swift in Sources */ = {isa = PBXBuildFile; fileRef = K20020; };
		K10022 /* SessionRecorderRetentionPolicy.swift in Sources */ = {isa = PBXBuildFile; fileRef = K20022; };
		K10040 /* SettingsStoreTests.swift in Sources */ = {isa = PBXBuildFile; fileRef = K20040; };
		K10041 /* SettingsMigratorTests.swift in Sources */ = {isa = PBXBuildFile; fileRef = K20041; };
		K10901 /* IdentityMigratorTests.swift in Sources */ = {isa = PBXBuildFile; fileRef = K20901; };
		K10042 /* SettingsViewModelTests.swift in Sources */ = {isa = PBXBuildFile; fileRef = K20042; };
		K10043 /* SettingsViewTests.swift in Sources */ = {isa = PBXBuildFile; fileRef = K20043; };
		K10044 /* SettingsStoreCertifiedToggleTests.swift in Sources */ = {isa = PBXBuildFile; fileRef = K20044; };
		K10050 /* PresetScoringContextProviderTests.swift in Sources */ = {isa = PBXBuildFile; fileRef = K20050; };
		K10051 /* SessionRecorderRetentionPolicyTests.swift in Sources */ = {isa = PBXBuildFile; fileRef = K20051; };
		M10004 /* DisplayChangeCoordinatorTests.swift in Sources */ = {isa = PBXBuildFile; fileRef = M20004; };
		M10006 /* NetworkRecoveryCoordinatorTests.swift in Sources */ = {isa = PBXBuildFile; fileRef = M20006; };
		L10001 /* AccessibilityState.swift in Sources */ = {isa = PBXBuildFile; fileRef = L20001; };
		L10002 /* AccessibilityLabels.swift in Sources */ = {isa = PBXBuildFile; fileRef = L20002; };
		L10010 /* QualityGradeIndicator.swift in Sources */ = {isa = PBXBuildFile; fileRef = L20010; };
		L10040 /* AccessibilityStateTests.swift in Sources */ = {isa = PBXBuildFile; fileRef = L20040; };
		L10041 /* DynamicTypeRegressionTests.swift in Sources */ = {isa = PBXBuildFile; fileRef = L20041; };
		E10025 /* SourceChoiceIdentifierTests.swift in Sources */ = {isa = PBXBuildFile; fileRef = E20025; };
		E10026 /* ConnectorPickerFooterTests.swift in Sources */ = {isa = PBXBuildFile; fileRef = E20026; };
		L10042 /* AccessibilityLabelsTests.swift in Sources */ = {isa = PBXBuildFile; fileRef = L20042; };
		L10043 /* LocalFileRecentsStoreTests.swift in Sources */ = {isa = PBXBuildFile; fileRef = L20043; };
		M10001 /* DisplayChangeCoordinator.swift in Sources */ = {isa = PBXBuildFile; fileRef = M20001; };
		M10003 /* NetworkRecoveryCoordinator.swift in Sources */ = {isa = PBXBuildFile; fileRef = M20003; };
		N10001 /* SpotifyKeychainStore.swift in Sources */ = {isa = PBXBuildFile; fileRef = N20001; };
		N10002 /* SpotifyOAuthTokenProvider.swift in Sources */ = {isa = PBXBuildFile; fileRef = N20002; };
		N10003 /* SpotifyKeychainStoreTests.swift in Sources */ = {isa = PBXBuildFile; fileRef = N20003; };
		N10004 /* SpotifyOAuthTokenProviderTests.swift in Sources */ = {isa = PBXBuildFile; fileRef = N20004; };
		N10005 /* SpotifyOAuthPlaylistConnector.swift in Sources */ = {isa = PBXBuildFile; fileRef = N20005; };
		/* End PBXBuildFile section */

/* Begin PBXFileReference section */
		E20035 /* StatusToneTests.swift */ = {isa = PBXFileReference; lastKnownFileType = sourcecode.swift; path = StatusToneTests.swift; sourceTree = "<group>"; };
		E20034 /* StatusPlacementIdentifierTests.swift */ = {isa = PBXFileReference; lastKnownFileType = sourcecode.swift; path = StatusPlacementIdentifierTests.swift; sourceTree = "<group>"; };
		E20033 /* ToastRegion.swift */ = {isa = PBXFileReference; lastKnownFileType = sourcecode.swift; path = ToastRegion.swift; sourceTree = "<group>"; };
		E20032 /* PerformanceToast.swift */ = {isa = PBXFileReference; lastKnownFileType = sourcecode.swift; path = PerformanceToast.swift; sourceTree = "<group>"; };
		E20031 /* InlineNotice.swift */ = {isa = PBXFileReference; lastKnownFileType = sourcecode.swift; path = InlineNotice.swift; sourceTree = "<group>"; };
		E20030 /* NoticeBanner.swift */ = {isa = PBXFileReference; lastKnownFileType = sourcecode.swift; path = NoticeBanner.swift; sourceTree = "<group>"; };
		DA42012 /* ArrivalTransitionView.swift */ = {isa = PBXFileReference; lastKnownFileType = sourcecode.swift; path = "ArrivalTransitionView.swift"; sourceTree = "<group>"; };
		DA42011 /* ArrivalPushScene.swift */ = {isa = PBXFileReference; lastKnownFileType = sourcecode.swift; path = "ArrivalPushScene.swift"; sourceTree = "<group>"; };
		DA42010 /* ApertureColor.swift */ = {isa = PBXFileReference; lastKnownFileType = sourcecode.swift; path = "ApertureColor.swift"; sourceTree = "<group>"; };
		DA42016 /* LocalFileCountdownView.swift */ = {isa = PBXFileReference; lastKnownFileType = sourcecode.swift; path = "LocalFileCountdownView.swift"; sourceTree = "<group>"; };
		DA42015 /* OpenAperture.swift */ = {isa = PBXFileReference; lastKnownFileType = sourcecode.swift; path = "OpenAperture.swift"; sourceTree = "<group>"; };
		DA42008 /* ApertureScene.swift */ = {isa = PBXFileReference; lastKnownFileType = sourcecode.swift; path = "ApertureScene.swift"; sourceTree = "<group>"; };
		DA42006 /* PreparationAperture.swift */ = {isa = PBXFileReference; lastKnownFileType = sourcecode.swift; path = "PreparationAperture.swift"; sourceTree = "<group>"; };
		DA42005 /* PreparationStatusIndicator.swift */ = {isa = PBXFileReference; lastKnownFileType = sourcecode.swift; path = "PreparationStatusIndicator.swift"; sourceTree = "<group>"; };
		DA42004 /* PreparationTrackRow.swift */ = {isa = PBXFileReference; lastKnownFileType = sourcecode.swift; path = "PreparationTrackRow.swift"; sourceTree = "<group>"; };
		E20029 /* RecoveryScreen.swift */ = {isa = PBXFileReference; lastKnownFileType = sourcecode.swift; path = RecoveryScreen.swift; sourceTree = "<group>"; };
		E20028 /* StatusTone.swift */ = {isa = PBXFileReference; lastKnownFileType = sourcecode.swift; path = StatusTone.swift; sourceTree = "<group>"; };
		E20027 /* ReviewCaptureHarness.swift */ = {isa = PBXFileReference; lastKnownFileType = sourcecode.swift; path = ReviewCaptureHarness.swift; sourceTree = "<group>"; };
		DA42014 /* ArrivalPushSceneTests.swift */ = {isa = PBXFileReference; lastKnownFileType = sourcecode.swift; path = "ArrivalPushSceneTests.swift"; sourceTree = "<group>"; };
		DA42017 /* ReviewCaptureHarness+Ready.swift */ = {isa = PBXFileReference; lastKnownFileType = sourcecode.swift; path = "ReviewCaptureHarness+Ready.swift"; sourceTree = "<group>"; };
		DA42018 /* ReviewCaptureHarness+Chrome.swift */ = {isa = PBXFileReference; lastKnownFileType = sourcecode.swift; path = "ReviewCaptureHarness+Chrome.swift"; sourceTree = "<group>"; };
		DA42019 /* PlaybackChromeReducedMotionTests.swift */ = {isa = PBXFileReference; lastKnownFileType = sourcecode.swift; path = PlaybackChromeReducedMotionTests.swift; sourceTree = "<group>"; };
		DA42020 /* PerformanceToastLayoutTests.swift */ = {isa = PBXFileReference; lastKnownFileType = sourcecode.swift; path = PerformanceToastLayoutTests.swift; sourceTree = "<group>"; };
		DA42007 /* PreparationApertureTests.swift */ = {isa = PBXFileReference; lastKnownFileType = sourcecode.swift; path = "PreparationApertureTests.swift"; sourceTree = "<group>"; };
		DA42003 /* ReviewCaptureScenarios.swift */ = {isa = PBXFileReference; lastKnownFileType = sourcecode.swift; path = "ReviewCaptureScenarios.swift"; sourceTree = "<group>"; };
		DA42002 /* ReviewCaptureHarness+Preparation.swift */ = {isa = PBXFileReference; lastKnownFileType = sourcecode.swift; path = "ReviewCaptureHarness+Preparation.swift"; sourceTree = "<group>"; };
		DA42001 /* PreparationProfilePublishingTests.swift */ = {isa = PBXFileReference; lastKnownFileType = sourcecode.swift; path = PreparationProfilePublishingTests.swift; sourceTree = "<group>"; };
		A20001 /* UzumeApp.swift */ = {isa = PBXFileReference; lastKnownFileType = sourcecode.swift; path = UzumeApp.swift; sourceTree = "<group>"; };
		A20002 /* ContentView.swift */ = {isa = PBXFileReference; lastKnownFileType = sourcecode.swift; path = ContentView.swift; sourceTree = "<group>"; };
		B20001 /* SessionStateViewTests.swift */ = {isa = PBXFileReference; lastKnownFileType = sourcecode.swift; path = SessionStateViewTests.swift; sourceTree = "<group>"; };
		B20002 /* UzumeAppTests.xctest */ = {isa = PBXFileReference; explicitFileType = wrapper.cfbundle; includeInIndex = 0; path = UzumeAppTests.xctest; sourceTree = BUILT_PRODUCTS_DIR; };
		A20003 /* UzumeApp.entitlements */ = {isa = PBXFileReference; lastKnownFileType = text.plist.entitlements; path = UzumeApp.entitlements; sourceTree = "<group>"; };
		A20020 /* MetalView.swift */ = {isa = PBXFileReference; lastKnownFileType = sourcecode.swift; path = MetalView.swift; sourceTree = "<group>"; };
		A20021 /* DebugOverlayView.swift */ = {isa = PBXFileReference; lastKnownFileType = sourcecode.swift; path = DebugOverlayView.swift; sourceTree = "<group>"; };
		A20022 /* ITunesSearchFetcher.swift */ = {isa = PBXFileReference; lastKnownFileType = sourcecode.swift; path = ITunesSearchFetcher.swift; sourceTree = "<group>"; };
		A20031 /* VisualizerEngine.swift */ = {isa = PBXFileReference; lastKnownFileType = sourcecode.swift; path = VisualizerEngine.swift; sourceTree = "<group>"; };
		K20090 /* NowPlayingSurface.swift */ = {isa = PBXFileReference; lastKnownFileType = sourcecode.swift; path = NowPlayingSurface.swift; sourceTree = "<group>"; };
		K20091 /* NowPlayingSurfaceTests.swift */ = {isa = PBXFileReference; lastKnownFileType = sourcecode.swift; path = NowPlayingSurfaceTests.swift; sourceTree = "<group>"; };
		K20092 /* CaptureStateSurface.swift */ = {isa = PBXFileReference; lastKnownFileType = sourcecode.swift; path = CaptureStateSurface.swift; sourceTree = "<group>"; };
		K20093 /* CaptureStateSurfaceTests.swift */ = {isa = PBXFileReference; lastKnownFileType = sourcecode.swift; path = CaptureStateSurfaceTests.swift; sourceTree = "<group>"; };
		A20032 /* VisualizerEngine+Audio.swift */ = {isa = PBXFileReference; lastKnownFileType = sourcecode.swift; path = "VisualizerEngine+Audio.swift"; sourceTree = "<group>"; };
		A20033 /* VisualizerEngine+Stems.swift */ = {isa = PBXFileReference; lastKnownFileType = sourcecode.swift; path = "VisualizerEngine+Stems.swift"; sourceTree = "<group>"; };
		A20034 /* VisualizerEngine+Presets.swift */ = {isa = PBXFileReference; lastKnownFileType = sourcecode.swift; path = "VisualizerEngine+Presets.swift"; sourceTree = "<group>"; };
		A20035 /* VisualizerEngine+Capture.swift */ = {isa = PBXFileReference; lastKnownFileType = sourcecode.swift; path = "VisualizerEngine+Capture.swift"; sourceTree = "<group>"; };
		A20036 /* VisualizerEngine+InitHelpers.swift */ = {isa = PBXFileReference; lastKnownFileType = sourcecode.swift; path = "VisualizerEngine+InitHelpers.swift"; sourceTree = "<group>"; };
		A20037 /* VisualizerEngine+PublicAPI.swift */ = {isa = PBXFileReference; lastKnownFileType = sourcecode.swift; path = "VisualizerEngine+PublicAPI.swift"; sourceTree = "<group>"; };
		Q20001 /* VisualizerEngine+LocalFilePlayback.swift */ = {isa = PBXFileReference; lastKnownFileType = sourcecode.swift; path = "VisualizerEngine+LocalFilePlayback.swift"; sourceTree = "<group>"; };
		Q20002 /* LocalFileMenuCommands.swift */ = {isa = PBXFileReference; lastKnownFileType = sourcecode.swift; path = "LocalFileMenuCommands.swift"; sourceTree = "<group>"; };
		Q20003 /* LocalFileRecentsStore.swift */ = {isa = PBXFileReference; lastKnownFileType = sourcecode.swift; path = LocalFileRecentsStore.swift; sourceTree = "<group>"; };
		Q20005 /* LocalFileTransportBar.swift */ = {isa = PBXFileReference; lastKnownFileType = sourcecode.swift; path = LocalFileTransportBar.swift; sourceTree = "<group>"; };
		Q20006 /* LocalSourceConnectionView.swift */ = {isa = PBXFileReference; lastKnownFileType = sourcecode.swift; path = LocalSourceConnectionView.swift; sourceTree = "<group>"; };
		Q20007 /* LocalFileErrorStore.swift */ = {isa = PBXFileReference; lastKnownFileType = sourcecode.swift; path = LocalFileErrorStore.swift; sourceTree = "<group>"; };
		Q20008 /* LocalFilesSettingsSection.swift */ = {isa = PBXFileReference; lastKnownFileType = sourcecode.swift; path = LocalFilesSettingsSection.swift; sourceTree = "<group>"; };
		Q20004 /* LocalFileMenuCommands+Drop.swift */ = {isa = PBXFileReference; lastKnownFileType = sourcecode.swift; path = "LocalFileMenuCommands+Drop.swift"; sourceTree = "<group>"; };
		Q20009 /* AlbumArtworkCache.swift */ = {isa = PBXFileReference; lastKnownFileType = sourcecode.swift; path = AlbumArtworkCache.swift; sourceTree = "<group>"; };
		Q20010 /* StreamingArtworkDiskCache.swift */ = {isa = PBXFileReference; lastKnownFileType = sourcecode.swift; path = StreamingArtworkDiskCache.swift; sourceTree = "<group>"; };
		Q20011 /* StreamingArtworkFetcher.swift */ = {isa = PBXFileReference; lastKnownFileType = sourcecode.swift; path = StreamingArtworkFetcher.swift; sourceTree = "<group>"; };
		Q20012 /* VisualizerEngine+StreamingArtwork.swift */ = {isa = PBXFileReference; lastKnownFileType = sourcecode.swift; path = "VisualizerEngine+StreamingArtwork.swift"; sourceTree = "<group>"; };
		O20001 /* DashboardOverlayView.swift */ = {isa = PBXFileReference; lastKnownFileType = sourcecode.swift; path = DashboardOverlayView.swift; sourceTree = "<group>"; };
		O20002 /* DashboardCardView.swift */ = {isa = PBXFileReference; lastKnownFileType = sourcecode.swift; path = DashboardCardView.swift; sourceTree = "<group>"; };
		O20003 /* DashboardRowView.swift */ = {isa = PBXFileReference; lastKnownFileType = sourcecode.swift; path = DashboardRowView.swift; sourceTree = "<group>"; };
		O20004 /* DashboardOverlayViewModel.swift */ = {isa = PBXFileReference; lastKnownFileType = sourcecode.swift; path = DashboardOverlayViewModel.swift; sourceTree = "<group>"; };
		O20005 /* VisualizerEngine+Dashboard.swift */ = {isa = PBXFileReference; lastKnownFileType = sourcecode.swift; path = "VisualizerEngine+Dashboard.swift"; sourceTree = "<group>"; };
		O20006 /* DashboardOverlayViewModelTests.swift */ = {isa = PBXFileReference; lastKnownFileType = sourcecode.swift; path = DashboardOverlayViewModelTests.swift; sourceTree = "<group>"; };
		P20001 /* SettingsStoreEnvironmentRegressionTests.swift */ = {isa = PBXFileReference; lastKnownFileType = sourcecode.swift; path = SettingsStoreEnvironmentRegressionTests.swift; sourceTree = "<group>"; };
		P20002 /* EndedViewTests.swift */ = {isa = PBXFileReference; lastKnownFileType = sourcecode.swift; path = EndedViewTests.swift; sourceTree = "<group>"; };
		P20003 /* ConnectingViewCancelTests.swift */ = {isa = PBXFileReference; lastKnownFileType = sourcecode.swift; path = ConnectingViewCancelTests.swift; sourceTree = "<group>"; };
		P20004 /* PlaybackChromeIndexBindingTests.swift */ = {isa = PBXFileReference; lastKnownFileType = sourcecode.swift; path = PlaybackChromeIndexBindingTests.swift; sourceTree = "<group>"; };
		P20005 /* OrchestratorWiringRegressionTests.swift */ = {isa = PBXFileReference; lastKnownFileType = sourcecode.swift; path = OrchestratorWiringRegressionTests.swift; sourceTree = "<group>"; };
		P20006 /* HandleLocalFileReadyIdempotencyRegressionTests.swift */ = {isa = PBXFileReference; lastKnownFileType = sourcecode.swift; path = HandleLocalFileReadyIdempotencyRegressionTests.swift; sourceTree = "<group>"; };
		P20007 /* AlbumArtworkCacheTests.swift */ = {isa = PBXFileReference; lastKnownFileType = sourcecode.swift; path = AlbumArtworkCacheTests.swift; sourceTree = "<group>"; };
		P20008 /* PlaybackChromeArtworkBindingTests.swift */ = {isa = PBXFileReference; lastKnownFileType = sourcecode.swift; path = PlaybackChromeArtworkBindingTests.swift; sourceTree = "<group>"; };
		P20009 /* StreamingArtworkDiskCacheTests.swift */ = {isa = PBXFileReference; lastKnownFileType = sourcecode.swift; path = StreamingArtworkDiskCacheTests.swift; sourceTree = "<group>"; };
		P20010 /* StreamingArtworkFetcherTests.swift */ = {isa = PBXFileReference; lastKnownFileType = sourcecode.swift; path = StreamingArtworkFetcherTests.swift; sourceTree = "<group>"; };
		P20011 /* StreamingArtworkPublishingTests.swift */ = {isa = PBXFileReference; lastKnownFileType = sourcecode.swift; path = StreamingArtworkPublishingTests.swift; sourceTree = "<group>"; };
		P20012 /* TrackChangePresetResetRegressionTests.swift */ = {isa = PBXFileReference; lastKnownFileType = sourcecode.swift; path = TrackChangePresetResetRegressionTests.swift; sourceTree = "<group>"; };
		P20013 /* StemSeriesWiringTests.swift */ = {isa = PBXFileReference; lastKnownFileType = sourcecode.swift; path = StemSeriesWiringTests.swift; sourceTree = "<group>"; };
		RC125200 /* MVWarpFeedbackFormatRegressionTests.swift */ = {isa = PBXFileReference; lastKnownFileType = sourcecode.swift; path = MVWarpFeedbackFormatRegressionTests.swift; sourceTree = "<group>"; };
		O20007 /* DarkVibrancyView.swift */ = {isa = PBXFileReference; lastKnownFileType = sourcecode.swift; path = DarkVibrancyView.swift; sourceTree = "<group>"; };
		A20004 /* Uzume.app */ = {isa = PBXFileReference; explicitFileType = wrapper.application; includeInIndex = 0; path = Uzume.app; sourceTree = BUILT_PRODUCTS_DIR; };
		A20005 /* UzumeEngine */ = {isa = PBXFileReference; lastKnownFileType = wrapper; name = UzumeEngine; path = UzumeEngine; sourceTree = "<group>"; };
		A20010 /* Metal.framework */ = {isa = PBXFileReference; lastKnownFileType = wrapper.framework; name = Metal.framework; path = System/Library/Frameworks/Metal.framework; sourceTree = SDKROOT; };
		A20011 /* MetalKit.framework */ = {isa = PBXFileReference; lastKnownFileType = wrapper.framework; name = MetalKit.framework; path = System/Library/Frameworks/MetalKit.framework; sourceTree = SDKROOT; };
		A20012 /* CoreML.framework */ = {isa = PBXFileReference; lastKnownFileType = wrapper.framework; name = CoreML.framework; path = System/Library/Frameworks/CoreML.framework; sourceTree = SDKROOT; };
		A20013 /* AVFoundation.framework */ = {isa = PBXFileReference; lastKnownFileType = wrapper.framework; name = AVFoundation.framework; path = System/Library/Frameworks/AVFoundation.framework; sourceTree = SDKROOT; };
		A20014 /* Accelerate.framework */ = {isa = PBXFileReference; lastKnownFileType = wrapper.framework; name = Accelerate.framework; path = System/Library/Frameworks/Accelerate.framework; sourceTree = SDKROOT; };
		A20015 /* ScreenCaptureKit.framework */ = {isa = PBXFileReference; lastKnownFileType = wrapper.framework; name = ScreenCaptureKit.framework; path = System/Library/Frameworks/ScreenCaptureKit.framework; sourceTree = SDKROOT; };
		A20016 /* MusicKit.framework */ = {isa = PBXFileReference; lastKnownFileType = wrapper.framework; name = MusicKit.framework; path = System/Library/Frameworks/MusicKit.framework; sourceTree = SDKROOT; };
		A20030 /* Uzume.xcconfig */ = {isa = PBXFileReference; lastKnownFileType = text.xcconfig; path = Uzume.xcconfig; sourceTree = "<group>"; };
		A20040 /* VisualizerEngine+Orchestrator.swift */ = {isa = PBXFileReference; lastKnownFileType = sourcecode.swift; path = "VisualizerEngine+Orchestrator.swift"; sourceTree = "<group>"; };
		N20006 /* VisualizerEngine+WiringLogs.swift */ = {isa = PBXFileReference; lastKnownFileType = sourcecode.swift; path = "VisualizerEngine+WiringLogs.swift"; sourceTree = "<group>"; };
		N20007 /* VisualizerEngine+TrackIdentityResolution.swift */ = {isa = PBXFileReference; lastKnownFileType = sourcecode.swift; path = "VisualizerEngine+TrackIdentityResolution.swift"; sourceTree = "<group>"; };
		C20001 /* SessionStateViewModel.swift */ = {isa = PBXFileReference; lastKnownFileType = sourcecode.swift; path = SessionStateViewModel.swift; sourceTree = "<group>"; };
		C20002 /* IdleView.swift */ = {isa = PBXFileReference; lastKnownFileType = sourcecode.swift; path = IdleView.swift; sourceTree = "<group>"; };
		C20003 /* ConnectingView.swift */ = {isa = PBXFileReference; lastKnownFileType = sourcecode.swift; path = ConnectingView.swift; sourceTree = "<group>"; };
		C20004 /* PreparationProgressView.swift */ = {isa = PBXFileReference; lastKnownFileType = sourcecode.swift; path = PreparationProgressView.swift; sourceTree = "<group>"; };
		C20005 /* ReadyView.swift */ = {isa = PBXFileReference; lastKnownFileType = sourcecode.swift; path = ReadyView.swift; sourceTree = "<group>"; };
		C20006 /* PlaybackView.swift */ = {isa = PBXFileReference; lastKnownFileType = sourcecode.swift; path = PlaybackView.swift; sourceTree = "<group>"; };
		DA42013 /* PlaybackView+Arrival.swift */ = {isa = PBXFileReference; lastKnownFileType = sourcecode.swift; path = "PlaybackView+Arrival.swift"; sourceTree = "<group>"; };
		C20007 /* EndedView.swift */ = {isa = PBXFileReference; lastKnownFileType = sourcecode.swift; path = EndedView.swift; sourceTree = "<group>"; };
		D20001 /* ScreenCapturePermissionProvider.swift */ = {isa = PBXFileReference; lastKnownFileType = sourcecode.swift; path = ScreenCapturePermissionProvider.swift; sourceTree = "<group>"; };
		D20002 /* PermissionMonitor.swift */ = {isa = PBXFileReference; lastKnownFileType = sourcecode.swift; path = PermissionMonitor.swift; sourceTree = "<group>"; };
		D20003 /* PhotosensitivityAcknowledgementStore.swift */ = {isa = PBXFileReference; lastKnownFileType = sourcecode.swift; path = PhotosensitivityAcknowledgementStore.swift; sourceTree = "<group>"; };
		D20004 /* PermissionOnboardingView.swift */ = {isa = PBXFileReference; lastKnownFileType = sourcecode.swift; path = PermissionOnboardingView.swift; sourceTree = "<group>"; };
		D20005 /* PhotosensitivityNoticeView.swift */ = {isa = PBXFileReference; lastKnownFileType = sourcecode.swift; path = PhotosensitivityNoticeView.swift; sourceTree = "<group>"; };
		D20008 /* PermissionMonitorTests.swift */ = {isa = PBXFileReference; lastKnownFileType = sourcecode.swift; path = PermissionMonitorTests.swift; sourceTree = "<group>"; };
		D20009 /* PhotosensitivityAcknowledgementStoreTests.swift */ = {isa = PBXFileReference; lastKnownFileType = sourcecode.swift; path = PhotosensitivityAcknowledgementStoreTests.swift; sourceTree = "<group>"; };
		D20010 /* PermissionOnboardingViewTests.swift */ = {isa = PBXFileReference; lastKnownFileType = sourcecode.swift; path = PermissionOnboardingViewTests.swift; sourceTree = "<group>"; };
		E20001 /* SpotifyURLKind.swift */ = {isa = PBXFileReference; lastKnownFileType = sourcecode.swift; path = SpotifyURLKind.swift; sourceTree = "<group>"; };
		E20002 /* SpotifyURLParser.swift */ = {isa = PBXFileReference; lastKnownFileType = sourcecode.swift; path = SpotifyURLParser.swift; sourceTree = "<group>"; };
		E20003 /* DelayProviding.swift */ = {isa = PBXFileReference; lastKnownFileType = sourcecode.swift; path = DelayProviding.swift; sourceTree = "<group>"; };
		E20004 /* ConnectorType.swift */ = {isa = PBXFileReference; lastKnownFileType = sourcecode.swift; path = ConnectorType.swift; sourceTree = "<group>"; };
		E20024 /* SourceChoice.swift */ = {isa = PBXFileReference; lastKnownFileType = sourcecode.swift; path = SourceChoice.swift; sourceTree = "<group>"; };
		E20006 /* ConnectorPickerView.swift */ = {isa = PBXFileReference; lastKnownFileType = sourcecode.swift; path = ConnectorPickerView.swift; sourceTree = "<group>"; };
		E20007 /* AppleMusicConnectionView.swift */ = {isa = PBXFileReference; lastKnownFileType = sourcecode.swift; path = AppleMusicConnectionView.swift; sourceTree = "<group>"; };
		E20008 /* SpotifyConnectionView.swift */ = {isa = PBXFileReference; lastKnownFileType = sourcecode.swift; path = SpotifyConnectionView.swift; sourceTree = "<group>"; };
		E20011 /* ConnectorPickerViewModel.swift */ = {isa = PBXFileReference; lastKnownFileType = sourcecode.swift; path = ConnectorPickerViewModel.swift; sourceTree = "<group>"; };
		E20012 /* AppleMusicConnectionViewModel.swift */ = {isa = PBXFileReference; lastKnownFileType = sourcecode.swift; path = AppleMusicConnectionViewModel.swift; sourceTree = "<group>"; };
		E20013 /* SpotifyConnectionViewModel.swift */ = {isa = PBXFileReference; lastKnownFileType = sourcecode.swift; path = SpotifyConnectionViewModel.swift; sourceTree = "<group>"; };
		E20020 /* ConnectorPickerViewModelTests.swift */ = {isa = PBXFileReference; lastKnownFileType = sourcecode.swift; path = ConnectorPickerViewModelTests.swift; sourceTree = "<group>"; };
		E20021 /* AppleMusicConnectionViewModelTests.swift */ = {isa = PBXFileReference; lastKnownFileType = sourcecode.swift; path = AppleMusicConnectionViewModelTests.swift; sourceTree = "<group>"; };
		E20022 /* SpotifyURLParserTests.swift */ = {isa = PBXFileReference; lastKnownFileType = sourcecode.swift; path = SpotifyURLParserTests.swift; sourceTree = "<group>"; };
		E20023 /* SpotifyConnectionViewModelTests.swift */ = {isa = PBXFileReference; lastKnownFileType = sourcecode.swift; path = SpotifyConnectionViewModelTests.swift; sourceTree = "<group>"; };
		F20003 /* PreparationProgressViewModel.swift */ = {isa = PBXFileReference; lastKnownFileType = sourcecode.swift; path = PreparationProgressViewModel.swift; sourceTree = "<group>"; };
		F20004 /* PreparationETAEstimator.swift */ = {isa = PBXFileReference; lastKnownFileType = sourcecode.swift; path = PreparationETAEstimator.swift; sourceTree = "<group>"; };
		F20005 /* PreparationProgressViewModelTests.swift */ = {isa = PBXFileReference; lastKnownFileType = sourcecode.swift; path = PreparationProgressViewModelTests.swift; sourceTree = "<group>"; };
		F20006 /* PreparationETAEstimatorTests.swift */ = {isa = PBXFileReference; lastKnownFileType = sourcecode.swift; path = PreparationETAEstimatorTests.swift; sourceTree = "<group>"; };
		F20007 /* PreparationCancelIntegrationTests.swift */ = {isa = PBXFileReference; lastKnownFileType = sourcecode.swift; path = PreparationCancelIntegrationTests.swift; sourceTree = "<group>"; };
		G20001 /* ReadyViewModel.swift */ = {isa = PBXFileReference; lastKnownFileType = sourcecode.swift; path = ReadyViewModel.swift; sourceTree = "<group>"; };
		G20003 /* FirstAudioDetector.swift */ = {isa = PBXFileReference; lastKnownFileType = sourcecode.swift; path = FirstAudioDetector.swift; sourceTree = "<group>"; };
		G20020 /* FirstAudioDetectorTests.swift */ = {isa = PBXFileReference; lastKnownFileType = sourcecode.swift; path = FirstAudioDetectorTests.swift; sourceTree = "<group>"; };
		G20025 /* StemSeparationCadenceRegressionTests.swift */ = {isa = PBXFileReference; lastKnownFileType = sourcecode.swift; path = StemSeparationCadenceRegressionTests.swift; sourceTree = "<group>"; };
		G20026 /* AnalysisTimeBaseRegressionTests.swift */ = {isa = PBXFileReference; lastKnownFileType = sourcecode.swift; path = AnalysisTimeBaseRegressionTests.swift; sourceTree = "<group>"; };
		G20021 /* ReadyViewModelTests.swift */ = {isa = PBXFileReference; lastKnownFileType = sourcecode.swift; path = ReadyViewModelTests.swift; sourceTree = "<group>"; };
		G20024 /* ReadyViewTimeoutIntegrationTests.swift */ = {isa = PBXFileReference; lastKnownFileType = sourcecode.swift; path = ReadyViewTimeoutIntegrationTests.swift; sourceTree = "<group>"; };
		H20001 /* UzumeToast.swift */ = {isa = PBXFileReference; lastKnownFileType = sourcecode.swift; path = UzumeToast.swift; sourceTree = "<group>"; };
		H20002 /* PlaybackChromeViewModel.swift */ = {isa = PBXFileReference; lastKnownFileType = sourcecode.swift; path = PlaybackChromeViewModel.swift; sourceTree = "<group>"; };
		H20003 /* ToastManager.swift */ = {isa = PBXFileReference; lastKnownFileType = sourcecode.swift; path = ToastManager.swift; sourceTree = "<group>"; };
		H20004 /* EndSessionConfirmViewModel.swift */ = {isa = PBXFileReference; lastKnownFileType = sourcecode.swift; path = EndSessionConfirmViewModel.swift; sourceTree = "<group>"; };
		H20005 /* DefaultPlaybackActionRouter.swift */ = {isa = PBXFileReference; lastKnownFileType = sourcecode.swift; path = DefaultPlaybackActionRouter.swift; sourceTree = "<group>"; };
		H20006 /* PlaybackShortcutRegistry.swift */ = {isa = PBXFileReference; lastKnownFileType = sourcecode.swift; path = PlaybackShortcutRegistry.swift; sourceTree = "<group>"; };
		H20007 /* PlaybackKeyMonitor.swift */ = {isa = PBXFileReference; lastKnownFileType = sourcecode.swift; path = PlaybackKeyMonitor.swift; sourceTree = "<group>"; };
		H20008 /* FullscreenObserver.swift */ = {isa = PBXFileReference; lastKnownFileType = sourcecode.swift; path = FullscreenObserver.swift; sourceTree = "<group>"; };
		H20009 /* DisplayManager.swift */ = {isa = PBXFileReference; lastKnownFileType = sourcecode.swift; path = DisplayManager.swift; sourceTree = "<group>"; };
		H20010 /* LiveAdaptationToastBridge.swift */ = {isa = PBXFileReference; lastKnownFileType = sourcecode.swift; path = LiveAdaptationToastBridge.swift; sourceTree = "<group>"; };
		H20011 /* MultiDisplayToastBridge.swift */ = {isa = PBXFileReference; lastKnownFileType = sourcecode.swift; path = MultiDisplayToastBridge.swift; sourceTree = "<group>"; };
		H20012 /* PerformanceBackdrop.swift */ = {isa = PBXFileReference; lastKnownFileType = sourcecode.swift; path = PerformanceBackdrop.swift; sourceTree = "<group>"; };
		DS20001 /* UzumeTokens.swift */ = {isa = PBXFileReference; lastKnownFileType = sourcecode.swift; path = UzumeTokens.swift; sourceTree = "<group>"; };
		DS20002 /* UzumeTokens+App.swift */ = {isa = PBXFileReference; lastKnownFileType = sourcecode.swift; path = "UzumeTokens+App.swift"; sourceTree = "<group>"; };
		H20013 /* TrackInfoCardView.swift */ = {isa = PBXFileReference; lastKnownFileType = sourcecode.swift; path = TrackInfoCardView.swift; sourceTree = "<group>"; };
		H20014 /* SessionProgressDotsView.swift */ = {isa = PBXFileReference; lastKnownFileType = sourcecode.swift; path = SessionProgressDotsView.swift; sourceTree = "<group>"; };
		H20015 /* PlaybackControlsCluster.swift */ = {isa = PBXFileReference; lastKnownFileType = sourcecode.swift; path = PlaybackControlsCluster.swift; sourceTree = "<group>"; };
		H20016 /* ListeningBadgeView.swift */ = {isa = PBXFileReference; lastKnownFileType = sourcecode.swift; path = ListeningBadgeView.swift; sourceTree = "<group>"; };
		H20041 /* AudioStallOverlayView.swift */ = {isa = PBXFileReference; lastKnownFileType = sourcecode.swift; path = AudioStallOverlayView.swift; sourceTree = "<group>"; };
		H20017 /* PlaybackChromeView.swift */ = {isa = PBXFileReference; lastKnownFileType = sourcecode.swift; path = PlaybackChromeView.swift; sourceTree = "<group>"; };
		H20018 /* ShortcutHelpOverlayView.swift */ = {isa = PBXFileReference; lastKnownFileType = sourcecode.swift; path = ShortcutHelpOverlayView.swift; sourceTree = "<group>"; };
		H20021 /* TrackChangeAnimationView.swift */ = {isa = PBXFileReference; lastKnownFileType = sourcecode.swift; path = TrackChangeAnimationView.swift; sourceTree = "<group>"; };
		H20030 /* PlaybackChromeViewModelTests.swift */ = {isa = PBXFileReference; lastKnownFileType = sourcecode.swift; path = PlaybackChromeViewModelTests.swift; sourceTree = "<group>"; };
		H20031 /* PlaybackShortcutRegistryTests.swift */ = {isa = PBXFileReference; lastKnownFileType = sourcecode.swift; path = PlaybackShortcutRegistryTests.swift; sourceTree = "<group>"; };
		H20032 /* DefaultPlaybackActionRouterTests.swift */ = {isa = PBXFileReference; lastKnownFileType = sourcecode.swift; path = DefaultPlaybackActionRouterTests.swift; sourceTree = "<group>"; };
		H20033 /* EndSessionConfirmViewModelTests.swift */ = {isa = PBXFileReference; lastKnownFileType = sourcecode.swift; path = EndSessionConfirmViewModelTests.swift; sourceTree = "<group>"; };
		H20034 /* ToastManagerTests.swift */ = {isa = PBXFileReference; lastKnownFileType = sourcecode.swift; path = ToastManagerTests.swift; sourceTree = "<group>"; };
		H20035 /* LiveAdaptationToastBridgeTests.swift */ = {isa = PBXFileReference; lastKnownFileType = sourcecode.swift; path = LiveAdaptationToastBridgeTests.swift; sourceTree = "<group>"; };
		H20036 /* FullscreenObserverTests.swift */ = {isa = PBXFileReference; lastKnownFileType = sourcecode.swift; path = FullscreenObserverTests.swift; sourceTree = "<group>"; };
		H20037 /* DisplayManagerTests.swift */ = {isa = PBXFileReference; lastKnownFileType = sourcecode.swift; path = DisplayManagerTests.swift; sourceTree = "<group>"; };
		H20038 /* MultiDisplayToastBridgeTests.swift */ = {isa = PBXFileReference; lastKnownFileType = sourcecode.swift; path = MultiDisplayToastBridgeTests.swift; sourceTree = "<group>"; };
		H20039 /* EscBehaviorTests.swift */ = {isa = PBXFileReference; lastKnownFileType = sourcecode.swift; path = EscBehaviorTests.swift; sourceTree = "<group>"; };
		H20040 /* PlaybackViewIdentifierTests.swift */ = {isa = PBXFileReference; lastKnownFileType = sourcecode.swift; path = PlaybackViewIdentifierTests.swift; sourceTree = "<group>"; };
		I20001 /* LocalizedCopy.swift */ = {isa = PBXFileReference; lastKnownFileType = sourcecode.swift; path = LocalizedCopy.swift; sourceTree = "<group>"; };
		I20002 /* ReachabilityMonitor.swift */ = {isa = PBXFileReference; lastKnownFileType = sourcecode.swift; path = ReachabilityMonitor.swift; sourceTree = "<group>"; };
		I20003 /* PreparationErrorViewModel.swift */ = {isa = PBXFileReference; lastKnownFileType = sourcecode.swift; path = PreparationErrorViewModel.swift; sourceTree = "<group>"; };
		I20007 /* Localizable.strings */ = {isa = PBXFileReference; lastKnownFileType = text.plist.strings; name = Localizable.strings; path = "en.lproj/Localizable.strings"; sourceTree = "<group>"; };
		I20008 /* LocalizedCopyTests.swift */ = {isa = PBXFileReference; lastKnownFileType = sourcecode.swift; path = LocalizedCopyTests.swift; sourceTree = "<group>"; };
		I20009 /* PreparationErrorViewModelTests.swift */ = {isa = PBXFileReference; lastKnownFileType = sourcecode.swift; path = PreparationErrorViewModelTests.swift; sourceTree = "<group>"; };
		I20010 /* ReachabilityMonitorTests.swift */ = {isa = PBXFileReference; lastKnownFileType = sourcecode.swift; path = ReachabilityMonitorTests.swift; sourceTree = "<group>"; };
		J20001 /* PlaybackErrorConditionTracker.swift */ = {isa = PBXFileReference; lastKnownFileType = sourcecode.swift; path = PlaybackErrorConditionTracker.swift; sourceTree = "<group>"; };
		J20002 /* PlaybackErrorBridge.swift */ = {isa = PBXFileReference; lastKnownFileType = sourcecode.swift; path = PlaybackErrorBridge.swift; sourceTree = "<group>"; };
		J20003 /* PlaybackErrorConditionTrackerTests.swift */ = {isa = PBXFileReference; lastKnownFileType = sourcecode.swift; path = PlaybackErrorConditionTrackerTests.swift; sourceTree = "<group>"; };
		J20004 /* PlaybackErrorBridgeTests.swift */ = {isa = PBXFileReference; lastKnownFileType = sourcecode.swift; path = PlaybackErrorBridgeTests.swift; sourceTree = "<group>"; };
		J200A2 /* PlaybackHealthToastTests.swift */ = {isa = PBXFileReference; lastKnownFileType = sourcecode.swift; path = PlaybackHealthToastTests.swift; sourceTree = "<group>"; };
		J20005 /* ToastManagerConditionTests.swift */ = {isa = PBXFileReference; lastKnownFileType = sourcecode.swift; path = ToastManagerConditionTests.swift; sourceTree = "<group>"; };
		K20001 /* SettingsTypes.swift */ = {isa = PBXFileReference; lastKnownFileType = sourcecode.swift; path = SettingsTypes.swift; sourceTree = "<group>"; };
		K20002 /* SettingsStore.swift */ = {isa = PBXFileReference; lastKnownFileType = sourcecode.swift; path = SettingsStore.swift; sourceTree = "<group>"; };
		K20003 /* SettingsMigrator.swift */ = {isa = PBXFileReference; lastKnownFileType = sourcecode.swift; path = SettingsMigrator.swift; sourceTree = "<group>"; };
		K20900 /* IdentityMigrator.swift */ = {isa = PBXFileReference; lastKnownFileType = sourcecode.swift; path = IdentityMigrator.swift; sourceTree = "<group>"; };
		K20902 /* Assets.xcassets */ = {isa = PBXFileReference; lastKnownFileType = folder.assetcatalog; path = Assets.xcassets; sourceTree = "<group>"; };
		K20004 /* SettingsViewModel.swift */ = {isa = PBXFileReference; lastKnownFileType = sourcecode.swift; path = SettingsViewModel.swift; sourceTree = "<group>"; };
		K20010 /* SettingsView.swift */ = {isa = PBXFileReference; lastKnownFileType = sourcecode.swift; path = SettingsView.swift; sourceTree = "<group>"; };
		K20012 /* VisualsSettingsSection.swift */ = {isa = PBXFileReference; lastKnownFileType = sourcecode.swift; path = VisualsSettingsSection.swift; sourceTree = "<group>"; };
		K20013 /* DiagnosticsSettingsSection.swift */ = {isa = PBXFileReference; lastKnownFileType = sourcecode.swift; path = DiagnosticsSettingsSection.swift; sourceTree = "<group>"; };
		K20014 /* AboutSettingsSection.swift */ = {isa = PBXFileReference; lastKnownFileType = sourcecode.swift; path = AboutSettingsSection.swift; sourceTree = "<group>"; };
		K20016 /* PresetCategoryBlocklistPicker.swift */ = {isa = PBXFileReference; lastKnownFileType = sourcecode.swift; path = PresetCategoryBlocklistPicker.swift; sourceTree = "<group>"; };
		K20020 /* PresetScoringContextProvider.swift */ = {isa = PBXFileReference; lastKnownFileType = sourcecode.swift; path = PresetScoringContextProvider.swift; sourceTree = "<group>"; };
		K20022 /* SessionRecorderRetentionPolicy.swift */ = {isa = PBXFileReference; lastKnownFileType = sourcecode.swift; path = SessionRecorderRetentionPolicy.swift; sourceTree = "<group>"; };
		K20040 /* SettingsStoreTests.swift */ = {isa = PBXFileReference; lastKnownFileType = sourcecode.swift; path = SettingsStoreTests.swift; sourceTree = "<group>"; };
		K20041 /* SettingsMigratorTests.swift */ = {isa = PBXFileReference; lastKnownFileType = sourcecode.swift; path = SettingsMigratorTests.swift; sourceTree = "<group>"; };
		K20901 /* IdentityMigratorTests.swift */ = {isa = PBXFileReference; lastKnownFileType = sourcecode.swift; path = IdentityMigratorTests.swift; sourceTree = "<group>"; };
		K20042 /* SettingsViewModelTests.swift */ = {isa = PBXFileReference; lastKnownFileType = sourcecode.swift; path = SettingsViewModelTests.swift; sourceTree = "<group>"; };
		K20043 /* SettingsViewTests.swift */ = {isa = PBXFileReference; lastKnownFileType = sourcecode.swift; path = SettingsViewTests.swift; sourceTree = "<group>"; };
		K20044 /* SettingsStoreCertifiedToggleTests.swift */ = {isa = PBXFileReference; lastKnownFileType = sourcecode.swift; path = SettingsStoreCertifiedToggleTests.swift; sourceTree = "<group>"; };
		K20050 /* PresetScoringContextProviderTests.swift */ = {isa = PBXFileReference; lastKnownFileType = sourcecode.swift; path = PresetScoringContextProviderTests.swift; sourceTree = "<group>"; };
		K20051 /* SessionRecorderRetentionPolicyTests.swift */ = {isa = PBXFileReference; lastKnownFileType = sourcecode.swift; path = SessionRecorderRetentionPolicyTests.swift; sourceTree = "<group>"; };
		M20004 /* DisplayChangeCoordinatorTests.swift */ = {isa = PBXFileReference; lastKnownFileType = sourcecode.swift; path = DisplayChangeCoordinatorTests.swift; sourceTree = "<group>"; };
		M20006 /* NetworkRecoveryCoordinatorTests.swift */ = {isa = PBXFileReference; lastKnownFileType = sourcecode.swift; path = NetworkRecoveryCoordinatorTests.swift; sourceTree = "<group>"; };
		L20001 /* AccessibilityState.swift */ = {isa = PBXFileReference; lastKnownFileType = sourcecode.swift; path = AccessibilityState.swift; sourceTree = "<group>"; };
		L20002 /* AccessibilityLabels.swift */ = {isa = PBXFileReference; lastKnownFileType = sourcecode.swift; path = AccessibilityLabels.swift; sourceTree = "<group>"; };
		L20010 /* QualityGradeIndicator.swift */ = {isa = PBXFileReference; lastKnownFileType = sourcecode.swift; path = QualityGradeIndicator.swift; sourceTree = "<group>"; };
		L20040 /* AccessibilityStateTests.swift */ = {isa = PBXFileReference; lastKnownFileType = sourcecode.swift; path = AccessibilityStateTests.swift; sourceTree = "<group>"; };
		L20041 /* DynamicTypeRegressionTests.swift */ = {isa = PBXFileReference; lastKnownFileType = sourcecode.swift; path = DynamicTypeRegressionTests.swift; sourceTree = "<group>"; };
		E20025 /* SourceChoiceIdentifierTests.swift */ = {isa = PBXFileReference; lastKnownFileType = sourcecode.swift; path = SourceChoiceIdentifierTests.swift; sourceTree = "<group>"; };
		E20026 /* ConnectorPickerFooterTests.swift */ = {isa = PBXFileReference; lastKnownFileType = sourcecode.swift; path = ConnectorPickerFooterTests.swift; sourceTree = "<group>"; };
		L20042 /* AccessibilityLabelsTests.swift */ = {isa = PBXFileReference; lastKnownFileType = sourcecode.swift; path = AccessibilityLabelsTests.swift; sourceTree = "<group>"; };
		L20043 /* LocalFileRecentsStoreTests.swift */ = {isa = PBXFileReference; lastKnownFileType = sourcecode.swift; path = LocalFileRecentsStoreTests.swift; sourceTree = "<group>"; };
		M20001 /* DisplayChangeCoordinator.swift */ = {isa = PBXFileReference; lastKnownFileType = sourcecode.swift; path = DisplayChangeCoordinator.swift; sourceTree = "<group>"; };
		M20003 /* NetworkRecoveryCoordinator.swift */ = {isa = PBXFileReference; lastKnownFileType = sourcecode.swift; path = NetworkRecoveryCoordinator.swift; sourceTree = "<group>"; };
		N20001 /* SpotifyKeychainStore.swift */ = {isa = PBXFileReference; lastKnownFileType = sourcecode.swift; path = SpotifyKeychainStore.swift; sourceTree = "<group>"; };
		N20002 /* SpotifyOAuthTokenProvider.swift */ = {isa = PBXFileReference; lastKnownFileType = sourcecode.swift; path = SpotifyOAuthTokenProvider.swift; sourceTree = "<group>"; };
		N20003 /* SpotifyKeychainStoreTests.swift */ = {isa = PBXFileReference; lastKnownFileType = sourcecode.swift; path = SpotifyKeychainStoreTests.swift; sourceTree = "<group>"; };
		N20004 /* SpotifyOAuthTokenProviderTests.swift */ = {isa = PBXFileReference; lastKnownFileType = sourcecode.swift; path = SpotifyOAuthTokenProviderTests.swift; sourceTree = "<group>"; };
		N20005 /* SpotifyOAuthPlaylistConnector.swift */ = {isa = PBXFileReference; lastKnownFileType = sourcecode.swift; path = SpotifyOAuthPlaylistConnector.swift; sourceTree = "<group>"; };
		/* End PBXFileReference section */

/* Begin PBXFrameworksBuildPhase section */
		A30001 /* Frameworks */ = {
			isa = PBXFrameworksBuildPhase;
			buildActionMask = 2147483647;
			files = (
				A10003 /* UzumeEngine in Frameworks */,
				A10010 /* Metal.framework in Frameworks */,
				A10011 /* MetalKit.framework in Frameworks */,
				A10012 /* CoreML.framework in Frameworks */,
				A10013 /* AVFoundation.framework in Frameworks */,
				A10014 /* Accelerate.framework in Frameworks */,
				A10015 /* ScreenCaptureKit.framework in Frameworks */,
				A10016 /* MusicKit.framework in Frameworks */,
			);
			runOnlyForDeploymentPostprocessing = 0;
		};
		B30001 /* Frameworks (UzumeAppTests) */ = {
			isa = PBXFrameworksBuildPhase;
			buildActionMask = 2147483647;
			files = (
				B10002 /* Uzume.app in Frameworks */,
			);
			runOnlyForDeploymentPostprocessing = 0;
		};
/* End PBXFrameworksBuildPhase section */

/* Begin PBXResourcesBuildPhase section */
		A60002 /* Resources */ = {
			isa = PBXResourcesBuildPhase;
			buildActionMask = 2147483647;
			files = (
				I10007 /* Localizable.strings in Resources */,
				K10902 /* Assets.xcassets in Resources */,
			);
			runOnlyForDeploymentPostprocessing = 0;
		};
/* End PBXResourcesBuildPhase section */

/* Begin PBXGroup section */
		A40001 /* = mainGroup */ = {
			isa = PBXGroup;
			children = (
				A40002 /* UzumeApp */,
				B40001 /* UzumeAppTests */,
				A40003 /* Frameworks */,
				A40004 /* Products */,
				A20005 /* UzumeEngine */,
			);
			sourceTree = "<group>";
		};
		DS40001 /* DesignSystem */ = {
			isa = PBXGroup;
			children = (
				DS20001 /* UzumeTokens.swift */,
				DS20002 /* UzumeTokens+App.swift */,
			);
			path = DesignSystem;
			sourceTree = "<group>";
		};
		A40002 /* UzumeApp */ = {
			isa = PBXGroup;
			children = (
				K20902 /* Assets.xcassets */,
				A20001 /* UzumeApp.swift */,
				A20002 /* ContentView.swift */,
				A20031 /* VisualizerEngine.swift */,
				K20090 /* NowPlayingSurface.swift */,
				K20092 /* CaptureStateSurface.swift */,
				A20032 /* VisualizerEngine+Audio.swift */,
				A20033 /* VisualizerEngine+Stems.swift */,
				A20034 /* VisualizerEngine+Presets.swift */,
				A20035 /* VisualizerEngine+Capture.swift */,
				A20036 /* VisualizerEngine+InitHelpers.swift */,
				O20005 /* VisualizerEngine+Dashboard.swift */,
				A20037 /* VisualizerEngine+PublicAPI.swift */,
				Q20001 /* VisualizerEngine+LocalFilePlayback.swift */,
				Q20002 /* LocalFileMenuCommands.swift */,
				Q20003 /* LocalFileRecentsStore.swift */,
				Q20007 /* LocalFileErrorStore.swift */,
				Q20004 /* LocalFileMenuCommands+Drop.swift */,
				Q20009 /* AlbumArtworkCache.swift */,
				Q20010 /* StreamingArtworkDiskCache.swift */,
				Q20011 /* StreamingArtworkFetcher.swift */,
				Q20012 /* VisualizerEngine+StreamingArtwork.swift */,
				A20040 /* VisualizerEngine+Orchestrator.swift */,
				N20006 /* VisualizerEngine+WiringLogs.swift */,
				N20007 /* VisualizerEngine+TrackIdentityResolution.swift */,
				A20022 /* ITunesSearchFetcher.swift */,
				DS40001 /* DesignSystem */,
				D40001 /* Permissions */,
				H40001 /* Models */,
				C40001 /* ViewModels */,
				A40005 /* Views */,
				E40001 /* Services */,
				A20003 /* UzumeApp.entitlements */,
				A20030 /* Uzume.xcconfig */,
				I20007 /* Localizable.strings */,
			);
			path = UzumeApp;
			sourceTree = "<group>";
		};
		C40001 /* ViewModels */ = {
			isa = PBXGroup;
			children = (
				C20001 /* SessionStateViewModel.swift */,
				E20011 /* ConnectorPickerViewModel.swift */,
				E20012 /* AppleMusicConnectionViewModel.swift */,
				E20013 /* SpotifyConnectionViewModel.swift */,
				F20003 /* PreparationProgressViewModel.swift */,
				I20003 /* PreparationErrorViewModel.swift */,
				G20001 /* ReadyViewModel.swift */,
				H20002 /* PlaybackChromeViewModel.swift */,
				H20003 /* ToastManager.swift */,
				H20004 /* EndSessionConfirmViewModel.swift */,
				K20004 /* SettingsViewModel.swift */,
			);
			path = ViewModels;
			sourceTree = "<group>";
		};
		D40001 /* Permissions */ = {
			isa = PBXGroup;
			children = (
				D20001 /* ScreenCapturePermissionProvider.swift */,
				D20002 /* PermissionMonitor.swift */,
				D20003 /* PhotosensitivityAcknowledgementStore.swift */,
			);
			path = Permissions;
			sourceTree = "<group>";
		};
		D40002 /* Onboarding */ = {
			isa = PBXGroup;
			children = (
				D20004 /* PermissionOnboardingView.swift */,
				D20005 /* PhotosensitivityNoticeView.swift */,
			);
			path = Onboarding;
			sourceTree = "<group>";
		};
		E40024 /* Components */ = {
			isa = PBXGroup;
			children = (
				DA42015 /* OpenAperture.swift */,
				DA42012 /* ArrivalTransitionView.swift */,
				DA42011 /* ArrivalPushScene.swift */,
				DA42010 /* ApertureColor.swift */,
				DA42008 /* ApertureScene.swift */,
				DA42006 /* PreparationAperture.swift */,
				DA42005 /* PreparationStatusIndicator.swift */,
				DA42004 /* PreparationTrackRow.swift */,
				E20031 /* InlineNotice.swift */,
				E20030 /* NoticeBanner.swift */,
				E20029 /* RecoveryScreen.swift */,
				E20028 /* StatusTone.swift */,
				E20024 /* SourceChoice.swift */,
			);
			path = Components;
			sourceTree = "<group>";
		};
		A40005 /* Views */ = {
			isa = PBXGroup;
			children = (
				E40024 /* Components */,
				A20020 /* MetalView.swift */,
				A20021 /* DebugOverlayView.swift */,
				D40002 /* Onboarding */,
				C40002 /* Idle */,
				C40003 /* Connecting */,
				C40004 /* Preparation */,
				C40005 /* Ready */,
				C40006 /* Playback */,
				C40007 /* Ended */,
				O40001 /* Dashboard */,
				E20004 /* ConnectorType.swift */,
				E20006 /* ConnectorPickerView.swift */,
				E20007 /* AppleMusicConnectionView.swift */,
				E20008 /* SpotifyConnectionView.swift */,
				Q20006 /* LocalSourceConnectionView.swift */,
				K20010 /* SettingsView.swift */,
				K40001 /* Settings */,
				L20010 /* QualityGradeIndicator.swift */,
			);
			path = Views;
			sourceTree = "<group>";
		};
		E40001 /* Services */ = {
			isa = PBXGroup;
			children = (
				E20001 /* SpotifyURLKind.swift */,
				E20002 /* SpotifyURLParser.swift */,
				E20003 /* DelayProviding.swift */,
				F20004 /* PreparationETAEstimator.swift */,
				G20003 /* FirstAudioDetector.swift */,
				H20005 /* DefaultPlaybackActionRouter.swift */,
				H20006 /* PlaybackShortcutRegistry.swift */,
				H20007 /* PlaybackKeyMonitor.swift */,
				H20008 /* FullscreenObserver.swift */,
				H20009 /* DisplayManager.swift */,
				H20010 /* LiveAdaptationToastBridge.swift */,
				H20011 /* MultiDisplayToastBridge.swift */,
				I20001 /* LocalizedCopy.swift */,
				I20002 /* ReachabilityMonitor.swift */,
				J20001 /* PlaybackErrorConditionTracker.swift */,
				J20002 /* PlaybackErrorBridge.swift */,
				K20002 /* SettingsStore.swift */,
				K20003 /* SettingsMigrator.swift */,
				K20900 /* IdentityMigrator.swift */,
				K20020 /* PresetScoringContextProvider.swift */,
				K20022 /* SessionRecorderRetentionPolicy.swift */,
				L20001 /* AccessibilityState.swift */,
				L20002 /* AccessibilityLabels.swift */,
				M20001 /* DisplayChangeCoordinator.swift */,
				M20003 /* NetworkRecoveryCoordinator.swift */,
				N20001 /* SpotifyKeychainStore.swift */,
				N20002 /* SpotifyOAuthTokenProvider.swift */,
				N20005 /* SpotifyOAuthPlaylistConnector.swift */,
			);
			path = Services;
			sourceTree = "<group>";
		};
		C40002 /* Idle */ = {
			isa = PBXGroup;
			children = (C20002 /* IdleView.swift */);
			path = Idle;
			sourceTree = "<group>";
		};
		C40003 /* Connecting */ = {
			isa = PBXGroup;
			children = (C20003 /* ConnectingView.swift */);
			path = Connecting;
			sourceTree = "<group>";
		};
		C40004 /* Preparation */ = {
			isa = PBXGroup;
			children = (
				C20004 /* PreparationProgressView.swift */,
			);
			path = Preparation;
			sourceTree = "<group>";
		};
		C40005 /* Ready */ = {
			isa = PBXGroup;
			children = (
				DA42016 /* LocalFileCountdownView.swift */,
				C20005 /* ReadyView.swift */,
			);
			path = Ready;
			sourceTree = "<group>";
		};
		C40006 /* Playback */ = {
			isa = PBXGroup;
			children = (
				DA42013 /* PlaybackView+Arrival.swift */,
				E20033 /* ToastRegion.swift */,
				E20032 /* PerformanceToast.swift */,
				C20006 /* PlaybackView.swift */,
				H20012 /* PerformanceBackdrop.swift */,
				H20013 /* TrackInfoCardView.swift */,
				H20014 /* SessionProgressDotsView.swift */,
				H20015 /* PlaybackControlsCluster.swift */,
				H20016 /* ListeningBadgeView.swift */,
				H20041 /* AudioStallOverlayView.swift */,
				H20017 /* PlaybackChromeView.swift */,
				Q20005 /* LocalFileTransportBar.swift */,
				H20018 /* ShortcutHelpOverlayView.swift */,
				H20021 /* TrackChangeAnimationView.swift */,
			);
			path = Playback;
			sourceTree = "<group>";
		};
		O40001 /* Dashboard */ = {
			isa = PBXGroup;
			children = (
				O20001 /* DashboardOverlayView.swift */,
				O20002 /* DashboardCardView.swift */,
				O20003 /* DashboardRowView.swift */,
				O20004 /* DashboardOverlayViewModel.swift */,
				O20007 /* DarkVibrancyView.swift */,
			);
			path = Dashboard;
			sourceTree = "<group>";
		};
		C40007 /* Ended */ = {
			isa = PBXGroup;
			children = (C20007 /* EndedView.swift */);
			path = Ended;
			sourceTree = "<group>";
		};
		A40003 /* Frameworks */ = {
			isa = PBXGroup;
			children = (
				A20010 /* Metal.framework */,
				A20011 /* MetalKit.framework */,
				A20012 /* CoreML.framework */,
				A20013 /* AVFoundation.framework */,
				A20014 /* Accelerate.framework */,
				A20015 /* ScreenCaptureKit.framework */,
				A20016 /* MusicKit.framework */,
			);
			name = Frameworks;
			sourceTree = "<group>";
		};
		A40004 /* Products */ = {
			isa = PBXGroup;
			children = (
				A20004 /* Uzume.app */,
				B20002 /* UzumeAppTests.xctest */,
			);
			name = Products;
			sourceTree = "<group>";
		};
		B40001 /* UzumeAppTests */ = {
			isa = PBXGroup;
			children = (
				DA42017 /* ReviewCaptureHarness+Ready.swift */,
				DA42018 /* ReviewCaptureHarness+Chrome.swift */,
				DA42019 /* PlaybackChromeReducedMotionTests.swift */,
				DA42020 /* PerformanceToastLayoutTests.swift */,
				DA42014 /* ArrivalPushSceneTests.swift */,
				DA42007 /* PreparationApertureTests.swift */,
				DA42003 /* ReviewCaptureScenarios.swift */,
				DA42002 /* ReviewCaptureHarness+Preparation.swift */,
				DA42001 /* PreparationProfilePublishingTests.swift */,
				E20035 /* StatusToneTests.swift */,
				E20034 /* StatusPlacementIdentifierTests.swift */,
				E20027 /* ReviewCaptureHarness.swift */,
				B20001 /* SessionStateViewTests.swift */,
				D20008 /* PermissionMonitorTests.swift */,
				D20009 /* PhotosensitivityAcknowledgementStoreTests.swift */,
				D20010 /* PermissionOnboardingViewTests.swift */,
				E20020 /* ConnectorPickerViewModelTests.swift */,
				E20021 /* AppleMusicConnectionViewModelTests.swift */,
				E20022 /* SpotifyURLParserTests.swift */,
				E20023 /* SpotifyConnectionViewModelTests.swift */,
				F20005 /* PreparationProgressViewModelTests.swift */,
				F20006 /* PreparationETAEstimatorTests.swift */,
				F20007 /* PreparationCancelIntegrationTests.swift */,
				G20020 /* FirstAudioDetectorTests.swift */,
				G20025 /* StemSeparationCadenceRegressionTests.swift */,
				G20026 /* AnalysisTimeBaseRegressionTests.swift */,
				G20021 /* ReadyViewModelTests.swift */,
				G20024 /* ReadyViewTimeoutIntegrationTests.swift */,
				H20030 /* PlaybackChromeViewModelTests.swift */,
				H20031 /* PlaybackShortcutRegistryTests.swift */,
				H20032 /* DefaultPlaybackActionRouterTests.swift */,
				H20033 /* EndSessionConfirmViewModelTests.swift */,
				H20034 /* ToastManagerTests.swift */,
				H20035 /* LiveAdaptationToastBridgeTests.swift */,
				H20036 /* FullscreenObserverTests.swift */,
				H20037 /* DisplayManagerTests.swift */,
				H20038 /* MultiDisplayToastBridgeTests.swift */,
				H20039 /* EscBehaviorTests.swift */,
				H20040 /* PlaybackViewIdentifierTests.swift */,
				I20008 /* LocalizedCopyTests.swift */,
				I20009 /* PreparationErrorViewModelTests.swift */,
				I20010 /* ReachabilityMonitorTests.swift */,
				J20003 /* PlaybackErrorConditionTrackerTests.swift */,
				J20004 /* PlaybackErrorBridgeTests.swift */,
				K20091 /* NowPlayingSurfaceTests.swift */,
				K20093 /* CaptureStateSurfaceTests.swift */,
				J200A2 /* PlaybackHealthToastTests.swift */,
				J20005 /* ToastManagerConditionTests.swift */,
				K20040 /* SettingsStoreTests.swift */,
				K20041 /* SettingsMigratorTests.swift */,
				K20901 /* IdentityMigratorTests.swift */,
				K20042 /* SettingsViewModelTests.swift */,
				K20043 /* SettingsViewTests.swift */,
				K20044 /* SettingsStoreCertifiedToggleTests.swift */,
				K20050 /* PresetScoringContextProviderTests.swift */,
				K20051 /* SessionRecorderRetentionPolicyTests.swift */,
				M20004 /* DisplayChangeCoordinatorTests.swift */,
				M20006 /* NetworkRecoveryCoordinatorTests.swift */,
				L20040 /* AccessibilityStateTests.swift */,
				L20041 /* DynamicTypeRegressionTests.swift */,
				E20025 /* SourceChoiceIdentifierTests.swift */,
				E20026 /* ConnectorPickerFooterTests.swift */,
				L20042 /* AccessibilityLabelsTests.swift */,
				L20043 /* LocalFileRecentsStoreTests.swift */,
				N20003 /* SpotifyKeychainStoreTests.swift */,
				N20004 /* SpotifyOAuthTokenProviderTests.swift */,
				O20006 /* DashboardOverlayViewModelTests.swift */,
				P20001 /* SettingsStoreEnvironmentRegressionTests.swift */,
				P20002 /* EndedViewTests.swift */,
				P20003 /* ConnectingViewCancelTests.swift */,
				P20004 /* PlaybackChromeIndexBindingTests.swift */,
				P20005 /* OrchestratorWiringRegressionTests.swift */,
				P20006 /* HandleLocalFileReadyIdempotencyRegressionTests.swift */,
				P20007 /* AlbumArtworkCacheTests.swift */,
				P20008 /* PlaybackChromeArtworkBindingTests.swift */,
				P20009 /* StreamingArtworkDiskCacheTests.swift */,
				P20010 /* StreamingArtworkFetcherTests.swift */,
				P20011 /* StreamingArtworkPublishingTests.swift */,
				P20012 /* TrackChangePresetResetRegressionTests.swift */,
				P20013 /* StemSeriesWiringTests.swift */,
				RC125200 /* MVWarpFeedbackFormatRegressionTests.swift */,
			);
			path = UzumeAppTests;
			sourceTree = "<group>";
		};
		H40001 /* Models */ = {
			isa = PBXGroup;
			children = (
				H20001 /* UzumeToast.swift */,
				K20001 /* SettingsTypes.swift */,
			);
			path = Models;
			sourceTree = "<group>";
		};
		K40001 /* Settings */ = {
			isa = PBXGroup;
			children = (
				Q20008 /* LocalFilesSettingsSection.swift */,
				K20012 /* VisualsSettingsSection.swift */,
				K20013 /* DiagnosticsSettingsSection.swift */,
				K20014 /* AboutSettingsSection.swift */,
				K20016 /* PresetCategoryBlocklistPicker.swift */,
			);
			path = Settings;
			sourceTree = "<group>";
		};
		/* End PBXGroup section */

/* Begin PBXNativeTarget section */
		A50001 /* UzumeApp */ = {
			isa = PBXNativeTarget;
			buildConfigurationList = A70001;
			buildPhases = (
				A60001 /* Sources */,
				A30001 /* Frameworks */,
				A60002 /* Resources */,
			);
			buildRules = (
			);
			dependencies = (
			);
			name = UzumeApp;
			packageProductDependencies = (
				A80001 /* UzumeEngine */,
			);
			productName = UzumeApp;
			productReference = A20004 /* Uzume.app */;
			productType = "com.apple.product-type.application";
		};
		B50001 /* UzumeAppTests */ = {
			isa = PBXNativeTarget;
			buildConfigurationList = B70001;
			buildPhases = (
				B60001 /* Sources */,
				B30001 /* Frameworks */,
			);
			buildRules = (
			);
			dependencies = (
				B90001 /* PBXTargetDependency */,
			);
			name = UzumeAppTests;
			productName = UzumeAppTests;
			productReference = B20002 /* UzumeAppTests.xctest */;
			productType = "com.apple.product-type.bundle.unit-test";
		};
/* End PBXNativeTarget section */

/* Begin PBXProject section */
		A90001 /* Project object */ = {
			isa = PBXProject;
			attributes = {
				BuildIndependentTargetsInParallel = 1;
				LastSwiftUpdateCheck = 1600;
				LastUpgradeCheck = 1600;
				TargetAttributes = {
					A50001 = {
						CreatedOnToolsVersion = 16.0;
					};
				};
			};
			buildConfigurationList = A70003;
			compatibilityVersion = "Xcode 14.0";
			developmentRegion = en;
			hasScannedForEncodings = 0;
			knownRegions = (
				en,
				Base,
			);
			mainGroup = A40001;
			packageReferences = (
				A80002 /* UzumeEngine */,
			);
			productRefGroup = A40004 /* Products */;
			projectDirPath = "";
			projectRoot = "";
			targets = (
				A50001 /* UzumeApp */,
				B50001 /* UzumeAppTests */,
			);
		};
/* End PBXProject section */

/* Begin PBXSourcesBuildPhase section */
		A60001 /* Sources */ = {
			isa = PBXSourcesBuildPhase;
			buildActionMask = 2147483647;
			files = (
				E10033 /* ToastRegion.swift in Sources */,
				E10032 /* PerformanceToast.swift in Sources */,
				E10031 /* InlineNotice.swift in Sources */,
				E10030 /* NoticeBanner.swift in Sources */,
				DA41012 /* ArrivalTransitionView.swift in Sources */,
				DA41011 /* ArrivalPushScene.swift in Sources */,
				DA41010 /* ApertureColor.swift in Sources */,
				DA41016 /* LocalFileCountdownView.swift in Sources */,
				DA41015 /* OpenAperture.swift in Sources */,
				DA41008 /* ApertureScene.swift in Sources */,
				DA41006 /* PreparationAperture.swift in Sources */,
				DA41005 /* PreparationStatusIndicator.swift in Sources */,
				DA41004 /* PreparationTrackRow.swift in Sources */,
				E10029 /* RecoveryScreen.swift in Sources */,
				E10028 /* StatusTone.swift in Sources */,
				A10001 /* UzumeApp.swift in Sources */,
				A10002 /* ContentView.swift in Sources */,
				A10031 /* VisualizerEngine.swift in Sources */,
				K10090 /* NowPlayingSurface.swift in Sources */,
				K10092 /* CaptureStateSurface.swift in Sources */,
				A10032 /* VisualizerEngine+Audio.swift in Sources */,
				A10033 /* VisualizerEngine+Stems.swift in Sources */,
				A10034 /* VisualizerEngine+Presets.swift in Sources */,
				A10035 /* VisualizerEngine+Capture.swift in Sources */,
				A10036 /* VisualizerEngine+InitHelpers.swift in Sources */,
				A10037 /* VisualizerEngine+PublicAPI.swift in Sources */,
				Q10001 /* VisualizerEngine+LocalFilePlayback.swift in Sources */,
				Q10002 /* LocalFileMenuCommands.swift in Sources */,
				Q10003 /* LocalFileRecentsStore.swift in Sources */,
				Q10007 /* LocalFileErrorStore.swift in Sources */,
				Q10005 /* LocalFileTransportBar.swift in Sources */,
				Q10004 /* LocalFileMenuCommands+Drop.swift in Sources */,
				Q10009 /* AlbumArtworkCache.swift in Sources */,
				Q10010 /* StreamingArtworkDiskCache.swift in Sources */,
				Q10011 /* StreamingArtworkFetcher.swift in Sources */,
				Q10012 /* VisualizerEngine+StreamingArtwork.swift in Sources */,
				O10001 /* DashboardOverlayView.swift in Sources */,
				O10002 /* DashboardCardView.swift in Sources */,
				O10003 /* DashboardRowView.swift in Sources */,
				O10004 /* DashboardOverlayViewModel.swift in Sources */,
				O10005 /* VisualizerEngine+Dashboard.swift in Sources */,
				O10007 /* DarkVibrancyView.swift in Sources */,
				A10020 /* MetalView.swift in Sources */,
				A10021 /* DebugOverlayView.swift in Sources */,
				A10022 /* ITunesSearchFetcher.swift in Sources */,
				A10040 /* VisualizerEngine+Orchestrator.swift in Sources */,
				N10006 /* VisualizerEngine+WiringLogs.swift in Sources */,
				N10007 /* VisualizerEngine+TrackIdentityResolution.swift in Sources */,
				C10001 /* SessionStateViewModel.swift in Sources */,
				C10002 /* IdleView.swift in Sources */,
				C10003 /* ConnectingView.swift in Sources */,
				C10004 /* PreparationProgressView.swift in Sources */,
				C10005 /* ReadyView.swift in Sources */,
				C10006 /* PlaybackView.swift in Sources */,
				DA41013 /* PlaybackView+Arrival.swift in Sources */,
				C10007 /* EndedView.swift in Sources */,
				D10001 /* ScreenCapturePermissionProvider.swift in Sources */,
				D10002 /* PermissionMonitor.swift in Sources */,
				D10003 /* PhotosensitivityAcknowledgementStore.swift in Sources */,
				D10004 /* PermissionOnboardingView.swift in Sources */,
				D10005 /* PhotosensitivityNoticeView.swift in Sources */,
				E10001 /* SpotifyURLKind.swift in Sources */,
				E10002 /* SpotifyURLParser.swift in Sources */,
				E10003 /* DelayProviding.swift in Sources */,
				E10004 /* ConnectorType.swift in Sources */,
				E10024 /* SourceChoice.swift in Sources */,
				E10006 /* ConnectorPickerView.swift in Sources */,
				E10007 /* AppleMusicConnectionView.swift in Sources */,
				E10008 /* SpotifyConnectionView.swift in Sources */,
				Q10006 /* LocalSourceConnectionView.swift in Sources */,
				E10011 /* ConnectorPickerViewModel.swift in Sources */,
				E10012 /* AppleMusicConnectionViewModel.swift in Sources */,
				E10013 /* SpotifyConnectionViewModel.swift in Sources */,
				F10003 /* PreparationProgressViewModel.swift in Sources */,
				F10004 /* PreparationETAEstimator.swift in Sources */,
				G10001 /* ReadyViewModel.swift in Sources */,
				G10003 /* FirstAudioDetector.swift in Sources */,
				H10001 /* UzumeToast.swift in Sources */,
				H10002 /* PlaybackChromeViewModel.swift in Sources */,
				H10003 /* ToastManager.swift in Sources */,
				H10004 /* EndSessionConfirmViewModel.swift in Sources */,
				H10005 /* DefaultPlaybackActionRouter.swift in Sources */,
				H10006 /* PlaybackShortcutRegistry.swift in Sources */,
				H10007 /* PlaybackKeyMonitor.swift in Sources */,
				H10008 /* FullscreenObserver.swift in Sources */,
				H10009 /* DisplayManager.swift in Sources */,
				H10010 /* LiveAdaptationToastBridge.swift in Sources */,
				H10011 /* MultiDisplayToastBridge.swift in Sources */,
				H10012 /* PerformanceBackdrop.swift in Sources */,
				DS10001 /* UzumeTokens.swift in Sources */,
				DS10002 /* UzumeTokens+App.swift in Sources */,
				H10013 /* TrackInfoCardView.swift in Sources */,
				H10014 /* SessionProgressDotsView.swift in Sources */,
				H10015 /* PlaybackControlsCluster.swift in Sources */,
				H10016 /* ListeningBadgeView.swift in Sources */,
				H10041 /* AudioStallOverlayView.swift in Sources */,
				H10017 /* PlaybackChromeView.swift in Sources */,
				H10018 /* ShortcutHelpOverlayView.swift in Sources */,
				H10021 /* TrackChangeAnimationView.swift in Sources */,
				I10001 /* LocalizedCopy.swift in Sources */,
				I10002 /* ReachabilityMonitor.swift in Sources */,
				I10003 /* PreparationErrorViewModel.swift in Sources */,
				J10001 /* PlaybackErrorConditionTracker.swift in Sources */,
				J10002 /* PlaybackErrorBridge.swift in Sources */,
				K10001 /* SettingsTypes.swift in Sources */,
				K10002 /* SettingsStore.swift in Sources */,
				K10003 /* SettingsMigrator.swift in Sources */,
				K10900 /* IdentityMigrator.swift in Sources */,
				K10004 /* SettingsViewModel.swift in Sources */,
				K10010 /* SettingsView.swift in Sources */,
				Q10008 /* LocalFilesSettingsSection.swift in Sources */,
				K10012 /* VisualsSettingsSection.swift in Sources */,
				K10013 /* DiagnosticsSettingsSection.swift in Sources */,
				K10014 /* AboutSettingsSection.swift in Sources */,
				K10016 /* PresetCategoryBlocklistPicker.swift in Sources */,
				K10020 /* PresetScoringContextProvider.swift in Sources */,
				K10022 /* SessionRecorderRetentionPolicy.swift in Sources */,
				L10001 /* AccessibilityState.swift in Sources */,
				L10002 /* AccessibilityLabels.swift in Sources */,
				L10010 /* QualityGradeIndicator.swift in Sources */,
				M10001 /* DisplayChangeCoordinator.swift in Sources */,
				M10003 /* NetworkRecoveryCoordinator.swift in Sources */,
				N10001 /* SpotifyKeychainStore.swift in Sources */,
				N10002 /* SpotifyOAuthTokenProvider.swift in Sources */,
				N10005 /* SpotifyOAuthPlaylistConnector.swift in Sources */,
			);
			runOnlyForDeploymentPostprocessing = 0;
		};
		B60001 /* Sources (UzumeAppTests) */ = {
			isa = PBXSourcesBuildPhase;
			buildActionMask = 2147483647;
			files = (
				E10035 /* StatusToneTests.swift in Sources */,
				E10034 /* StatusPlacementIdentifierTests.swift in Sources */,
				E10027 /* ReviewCaptureHarness.swift in Sources */,
				DA41014 /* ArrivalPushSceneTests.swift in Sources */,
				DA41017 /* ReviewCaptureHarness+Ready.swift in Sources */,
				DA41018 /* ReviewCaptureHarness+Chrome.swift in Sources */,
				DA41019 /* PlaybackChromeReducedMotionTests.swift in Sources */,
				DA41020 /* PerformanceToastLayoutTests.swift in Sources */,
				DA41007 /* PreparationApertureTests.swift in Sources */,
				DA41003 /* ReviewCaptureScenarios.swift in Sources */,
				DA41002 /* ReviewCaptureHarness+Preparation.swift in Sources */,
				DA41001 /* PreparationProfilePublishingTests.swift in Sources */,
				B10001 /* SessionStateViewTests.swift in Sources */,
				D10008 /* PermissionMonitorTests.swift in Sources */,
				D10009 /* PhotosensitivityAcknowledgementStoreTests.swift in Sources */,
				D10010 /* PermissionOnboardingViewTests.swift in Sources */,
				E10020 /* ConnectorPickerViewModelTests.swift in Sources */,
				E10021 /* AppleMusicConnectionViewModelTests.swift in Sources */,
				E10022 /* SpotifyURLParserTests.swift in Sources */,
				E10023 /* SpotifyConnectionViewModelTests.swift in Sources */,
				F10005 /* PreparationProgressViewModelTests.swift in Sources */,
				F10006 /* PreparationETAEstimatorTests.swift in Sources */,
				F10007 /* PreparationCancelIntegrationTests.swift in Sources */,
				G10020 /* FirstAudioDetectorTests.swift in Sources */,
				G10025 /* StemSeparationCadenceRegressionTests.swift in Sources */,
				G10026 /* AnalysisTimeBaseRegressionTests.swift in Sources */,
				G10021 /* ReadyViewModelTests.swift in Sources */,
				G10024 /* ReadyViewTimeoutIntegrationTests.swift in Sources */,
				H10030 /* PlaybackChromeViewModelTests.swift in Sources */,
				H10031 /* PlaybackShortcutRegistryTests.swift in Sources */,
				H10032 /* DefaultPlaybackActionRouterTests.swift in Sources */,
				H10033 /* EndSessionConfirmViewModelTests.swift in Sources */,
				H10034 /* ToastManagerTests.swift in Sources */,
				H10035 /* LiveAdaptationToastBridgeTests.swift in Sources */,
				H10036 /* FullscreenObserverTests.swift in Sources */,
				H10037 /* DisplayManagerTests.swift in Sources */,
				H10038 /* MultiDisplayToastBridgeTests.swift in Sources */,
				H10039 /* EscBehaviorTests.swift in Sources */,
				H10040 /* PlaybackViewIdentifierTests.swift in Sources */,
				I10008 /* LocalizedCopyTests.swift in Sources */,
				I10009 /* PreparationErrorViewModelTests.swift in Sources */,
				I10010 /* ReachabilityMonitorTests.swift in Sources */,
				J10003 /* PlaybackErrorConditionTrackerTests.swift in Sources */,
				J10004 /* PlaybackErrorBridgeTests.swift in Sources */,
				K10091 /* NowPlayingSurfaceTests.swift in Sources */,
				K10093 /* CaptureStateSurfaceTests.swift in Sources */,
				J100A2 /* PlaybackHealthToastTests.swift in Sources */,
				J10005 /* ToastManagerConditionTests.swift in Sources */,
				K10040 /* SettingsStoreTests.swift in Sources */,
				K10041 /* SettingsMigratorTests.swift in Sources */,
				K10901 /* IdentityMigratorTests.swift in Sources */,
				K10042 /* SettingsViewModelTests.swift in Sources */,
				K10043 /* SettingsViewTests.swift in Sources */,
				K10044 /* SettingsStoreCertifiedToggleTests.swift in Sources */,
				K10050 /* PresetScoringContextProviderTests.swift in Sources */,
				K10051 /* SessionRecorderRetentionPolicyTests.swift in Sources */,
				M10004 /* DisplayChangeCoordinatorTests.swift in Sources */,
				M10006 /* NetworkRecoveryCoordinatorTests.swift in Sources */,
				L10040 /* AccessibilityStateTests.swift in Sources */,
				L10041 /* DynamicTypeRegressionTests.swift in Sources */,
				E10025 /* SourceChoiceIdentifierTests.swift in Sources */,
				E10026 /* ConnectorPickerFooterTests.swift in Sources */,
				L10042 /* AccessibilityLabelsTests.swift in Sources */,
				L10043 /* LocalFileRecentsStoreTests.swift in Sources */,
				N10003 /* SpotifyKeychainStoreTests.swift in Sources */,
				N10004 /* SpotifyOAuthTokenProviderTests.swift in Sources */,
				O10006 /* DashboardOverlayViewModelTests.swift in Sources */,
				P10001 /* SettingsStoreEnvironmentRegressionTests.swift in Sources */,
				P10002 /* EndedViewTests.swift in Sources */,
				P10003 /* ConnectingViewCancelTests.swift in Sources */,
				P10004 /* PlaybackChromeIndexBindingTests.swift in Sources */,
				P10005 /* OrchestratorWiringRegressionTests.swift in Sources */,
				P10006 /* HandleLocalFileReadyIdempotencyRegressionTests.swift in Sources */,
				P10007 /* AlbumArtworkCacheTests.swift in Sources */,
				P10008 /* PlaybackChromeArtworkBindingTests.swift in Sources */,
				P10009 /* StreamingArtworkDiskCacheTests.swift in Sources */,
				P10010 /* StreamingArtworkFetcherTests.swift in Sources */,
				P10011 /* StreamingArtworkPublishingTests.swift in Sources */,
				P10012 /* TrackChangePresetResetRegressionTests.swift in Sources */,
				P10013 /* StemSeriesWiringTests.swift in Sources */,
				RC125100 /* MVWarpFeedbackFormatRegressionTests.swift in Sources */,
			);
			runOnlyForDeploymentPostprocessing = 0;
		};
/* End PBXSourcesBuildPhase section */

/* Begin XCBuildConfiguration section */
		AB0001 /* Debug */ = {
			isa = XCBuildConfiguration;
			buildSettings = {
				ALWAYS_SEARCH_USER_PATHS = NO;
				ASSETCATALOG_COMPILER_GENERATE_SWIFT_ASSET_SYMBOL_EXTENSIONS = YES;
				CLANG_ANALYZER_NONNULL = YES;
				CLANG_CXX_LANGUAGE_STANDARD = "gnu++20";
				CLANG_ENABLE_MODULES = YES;
				CLANG_ENABLE_OBJC_ARC = YES;
				CLANG_WARN_BLOCK_CAPTURE_AUTORELEASING = YES;
				CLANG_WARN_BOOL_CONVERSION = YES;
				CLANG_WARN_COMMA = YES;
				CLANG_WARN_CONSTANT_CONVERSION = YES;
				CLANG_WARN_DEPRECATED_OBJC_IMPLEMENTATIONS = YES;
				CLANG_WARN_DIRECT_OBJC_ISA_USAGE = YES_ERROR;
				CLANG_WARN_DOCUMENTATION_COMMENTS = YES;
				CLANG_WARN_EMPTY_BODY = YES;
				CLANG_WARN_ENUM_CONVERSION = YES;
				CLANG_WARN_INFINITE_RECURSION = YES;
				CLANG_WARN_INT_CONVERSION = YES;
				CLANG_WARN_NON_LITERAL_NULL_CONVERSION = YES;
				CLANG_WARN_OBJC_IMPLICIT_RETAIN_SELF = YES;
				CLANG_WARN_OBJC_LITERAL_CONVERSION = YES;
				CLANG_WARN_OBJC_ROOT_CLASS = YES_ERROR;
				CLANG_WARN_QUOTED_INCLUDE_IN_FRAMEWORK_HEADER = YES;
				CLANG_WARN_RANGE_LOOP_ANALYSIS = YES;
				CLANG_WARN_STRICT_PROTOTYPES = YES;
				CLANG_WARN_SUSPICIOUS_MOVE = YES;
				CLANG_WARN_UNGUARDED_AVAILABILITY = YES_AGGRESSIVE;
				CLANG_WARN_UNREACHABLE_CODE = YES;
				CLANG_WARN__DUPLICATE_METHOD_MATCH = YES;
				COPY_PHASE_STRIP = NO;
				DEBUG_INFORMATION_FORMAT = dwarf;
				ENABLE_STRICT_OBJC_MSGSEND = YES;
				ENABLE_TESTABILITY = YES;
				GCC_DYNAMIC_NO_PIC = NO;
				GCC_NO_COMMON_BLOCKS = YES;
				GCC_OPTIMIZATION_LEVEL = 0;
				GCC_PREPROCESSOR_DEFINITIONS = (
					"DEBUG=1",
					"$(inherited)",
				);
				GCC_WARN_64_TO_32_BIT_CONVERSION = YES;
				GCC_WARN_ABOUT_RETURN_TYPE = YES_ERROR;
				GCC_WARN_UNDECLARED_SELECTOR = YES;
				GCC_WARN_UNINITIALIZED_AUTOS = YES_AGGRESSIVE;
				GCC_WARN_UNUSED_FUNCTION = YES;
				GCC_WARN_UNUSED_VARIABLE = YES;
				MACOSX_DEPLOYMENT_TARGET = 14.0;
				MTL_ENABLE_DEBUG_INFO = INCLUDE_SOURCE;
				MTL_FAST_MATH = YES;
				ONLY_ACTIVE_ARCH = YES;
				SDKROOT = macosx;
				SWIFT_ACTIVE_COMPILATION_CONDITIONS = "$(inherited) DEBUG";
				SWIFT_OPTIMIZATION_LEVEL = "-Onone";
				SWIFT_VERSION = 6.0;
			};
			name = Debug;
		};
		AB0002 /* Release */ = {
			isa = XCBuildConfiguration;
			buildSettings = {
				ALWAYS_SEARCH_USER_PATHS = NO;
				ASSETCATALOG_COMPILER_GENERATE_SWIFT_ASSET_SYMBOL_EXTENSIONS = YES;
				CLANG_ANALYZER_NONNULL = YES;
				CLANG_CXX_LANGUAGE_STANDARD = "gnu++20";
				CLANG_ENABLE_MODULES = YES;
				CLANG_ENABLE_OBJC_ARC = YES;
				CLANG_WARN_BLOCK_CAPTURE_AUTORELEASING = YES;
				CLANG_WARN_BOOL_CONVERSION = YES;
				CLANG_WARN_COMMA = YES;
				CLANG_WARN_CONSTANT_CONVERSION = YES;
				CLANG_WARN_DEPRECATED_OBJC_IMPLEMENTATIONS = YES;
				CLANG_WARN_DIRECT_OBJC_ISA_USAGE = YES_ERROR;
				CLANG_WARN_DOCUMENTATION_COMMENTS = YES;
				CLANG_WARN_EMPTY_BODY = YES;
				CLANG_WARN_ENUM_CONVERSION = YES;
				CLANG_WARN_INFINITE_RECURSION = YES;
				CLANG_WARN_INT_CONVERSION = YES;
				CLANG_WARN_NON_LITERAL_NULL_CONVERSION = YES;
				CLANG_WARN_OBJC_IMPLICIT_RETAIN_SELF = YES;
				CLANG_WARN_OBJC_LITERAL_CONVERSION = YES;
				CLANG_WARN_OBJC_ROOT_CLASS = YES_ERROR;
				CLANG_WARN_QUOTED_INCLUDE_IN_FRAMEWORK_HEADER = YES;
				CLANG_WARN_RANGE_LOOP_ANALYSIS = YES;
				CLANG_WARN_STRICT_PROTOTYPES = YES;
				CLANG_WARN_SUSPICIOUS_MOVE = YES;
				CLANG_WARN_UNGUARDED_AVAILABILITY = YES_AGGRESSIVE;
				CLANG_WARN_UNREACHABLE_CODE = YES;
				CLANG_WARN__DUPLICATE_METHOD_MATCH = YES;
				COPY_PHASE_STRIP = NO;
				DEBUG_INFORMATION_FORMAT = "dwarf-with-dsym";
				ENABLE_NS_ASSERTIONS = NO;
				ENABLE_STRICT_OBJC_MSGSEND = YES;
				GCC_NO_COMMON_BLOCKS = YES;
				GCC_WARN_64_TO_32_BIT_CONVERSION = YES;
				GCC_WARN_ABOUT_RETURN_TYPE = YES_ERROR;
				GCC_WARN_UNDECLARED_SELECTOR = YES;
				GCC_WARN_UNINITIALIZED_AUTOS = YES_AGGRESSIVE;
				GCC_WARN_UNUSED_FUNCTION = YES;
				GCC_WARN_UNUSED_VARIABLE = YES;
				MACOSX_DEPLOYMENT_TARGET = 14.0;
				MTL_ENABLE_DEBUG_INFO = NO;
				MTL_FAST_MATH = YES;
				SDKROOT = macosx;
				SWIFT_COMPILATION_MODE = wholemodule;
				SWIFT_VERSION = 6.0;
			};
			name = Release;
		};
		BB0001 /* Debug (UzumeAppTests) */ = {
			isa = XCBuildConfiguration;
			buildSettings = {
				BUNDLE_LOADER = "$(TEST_HOST)";
				CODE_SIGN_STYLE = Automatic;
				CURRENT_PROJECT_VERSION = 1;
				GENERATE_INFOPLIST_FILE = YES;
				MACOSX_DEPLOYMENT_TARGET = 14.0;
				MARKETING_VERSION = 1.0;
				PRODUCT_BUNDLE_IDENTIFIER = io.uzume.mac.tests;
				PRODUCT_NAME = "$(TARGET_NAME)";
				SDKROOT = macosx;
				SWIFT_STRICT_CONCURRENCY = complete;
				SWIFT_VERSION = 6.0;
				TEST_HOST = "$(BUILT_PRODUCTS_DIR)/Uzume.app/Contents/MacOS/Uzume";
			};
			name = Debug;
		};
		BB0002 /* Release (UzumeAppTests) */ = {
			isa = XCBuildConfiguration;
			buildSettings = {
				BUNDLE_LOADER = "$(TEST_HOST)";
				CODE_SIGN_STYLE = Automatic;
				CURRENT_PROJECT_VERSION = 1;
				GENERATE_INFOPLIST_FILE = YES;
				MACOSX_DEPLOYMENT_TARGET = 14.0;
				MARKETING_VERSION = 1.0;
				PRODUCT_BUNDLE_IDENTIFIER = io.uzume.mac.tests;
				PRODUCT_NAME = "$(TARGET_NAME)";
				SDKROOT = macosx;
				SWIFT_STRICT_CONCURRENCY = complete;
				SWIFT_VERSION = 6.0;
				TEST_HOST = "$(BUILT_PRODUCTS_DIR)/Uzume.app/Contents/MacOS/Uzume";
			};
			name = Release;
		};
		AB0003 /* Debug */ = {
			isa = XCBuildConfiguration;
			baseConfigurationReference = A20030 /* Uzume.xcconfig */;
			buildSettings = {
				CODE_SIGN_ENTITLEMENTS = UzumeApp/UzumeApp.entitlements;
				CODE_SIGN_IDENTITY = "Apple Development";
				CODE_SIGN_STYLE = Automatic;
				COMBINE_HIDPI_IMAGES = YES;
				CURRENT_PROJECT_VERSION = 1;
				DEVELOPMENT_TEAM = 2LBTN9PB4Z;
				GENERATE_INFOPLIST_FILE = YES;
				INFOPLIST_FILE = UzumeApp/Info.plist;
				ASSETCATALOG_COMPILER_APPICON_NAME = AppIcon;
				PRODUCT_MODULE_NAME = UzumeApp;
				PRODUCT_NAME = Uzume;
				INFOPLIST_KEY_LSApplicationCategoryType = "public.app-category.entertainment";
				INFOPLIST_KEY_NSHumanReadableCopyright = "Copyright © 2024 Matt. All rights reserved.";
				LD_RUNPATH_SEARCH_PATHS = (
					"$(inherited)",
					"@executable_path/../Frameworks",
				);
				MARKETING_VERSION = 1.0;
				MTL_ENABLE_DEBUG_INFO = INCLUDE_SOURCE;
				PRODUCT_BUNDLE_IDENTIFIER = io.uzume.mac;
				SWIFT_EMIT_LOC_STRINGS = YES;
				SWIFT_STRICT_CONCURRENCY = complete;
				SWIFT_VERSION = 6.0;
			};
			name = Debug;
		};
		AB0004 /* Release */ = {
			isa = XCBuildConfiguration;
			baseConfigurationReference = A20030 /* Uzume.xcconfig */;
			buildSettings = {
				CODE_SIGN_ENTITLEMENTS = UzumeApp/UzumeApp.entitlements;
				CODE_SIGN_IDENTITY = "Apple Development";
				CODE_SIGN_STYLE = Automatic;
				COMBINE_HIDPI_IMAGES = YES;
				CURRENT_PROJECT_VERSION = 1;
				DEVELOPMENT_TEAM = 2LBTN9PB4Z;
				ENABLE_HARDENED_RUNTIME = YES;
				GENERATE_INFOPLIST_FILE = YES;
				INFOPLIST_FILE = UzumeApp/Info.plist;
				ASSETCATALOG_COMPILER_APPICON_NAME = AppIcon;
				PRODUCT_MODULE_NAME = UzumeApp;
				PRODUCT_NAME = Uzume;
				INFOPLIST_KEY_LSApplicationCategoryType = "public.app-category.entertainment";
				INFOPLIST_KEY_NSHumanReadableCopyright = "Copyright © 2024 Matt. All rights reserved.";
				LD_RUNPATH_SEARCH_PATHS = (
					"$(inherited)",
					"@executable_path/../Frameworks",
				);
				MARKETING_VERSION = 1.0;
				PRODUCT_BUNDLE_IDENTIFIER = io.uzume.mac;
				SWIFT_EMIT_LOC_STRINGS = YES;
				SWIFT_STRICT_CONCURRENCY = complete;
				SWIFT_VERSION = 6.0;
			};
			name = Release;
		};
/* End XCBuildConfiguration section */

/* Begin PBXTargetDependency section */
		B90001 /* PBXTargetDependency */ = {
			isa = PBXTargetDependency;
			target = A50001 /* UzumeApp */;
		};
/* End PBXTargetDependency section */

/* Begin XCConfigurationList section */
		A70001 /* Build configuration list for PBXNativeTarget "UzumeApp" */ = {
			isa = XCConfigurationList;
			buildConfigurations = (
				AB0003 /* Debug */,
				AB0004 /* Release */,
			);
			defaultConfigurationIsVisible = 0;
			defaultConfigurationName = Release;
		};
		A70003 /* Build configuration list for PBXProject "UzumeApp" */ = {
			isa = XCConfigurationList;
			buildConfigurations = (
				AB0001 /* Debug */,
				AB0002 /* Release */,
			);
			defaultConfigurationIsVisible = 0;
			defaultConfigurationName = Release;
		};
/* End XCConfigurationList section */

		B70001 /* Build configuration list for PBXNativeTarget "UzumeAppTests" */ = {
			isa = XCConfigurationList;
			buildConfigurations = (
				BB0001 /* Debug */,
				BB0002 /* Release */,
			);
			defaultConfigurationIsVisible = 0;
			defaultConfigurationName = Release;
		};
/* Begin XCLocalSwiftPackageReference section */
		A80002 /* UzumeEngine */ = {
			isa = XCLocalSwiftPackageReference;
			relativePath = UzumeEngine;
		};
/* End XCLocalSwiftPackageReference section */

/* Begin XCSwiftPackageProductDependency section */
		A80001 /* UzumeEngine */ = {
			isa = XCSwiftPackageProductDependency;
			productName = UzumeEngine;
		};
/* End XCSwiftPackageProductDependency section */

	};
	rootObject = A90001 /* Project object */;
}
